// !$*UTF8*$!
{
	archiveVersion = 1;
	classes = {
	};
	objectVersion = 55;
	objects = {

/* Begin PBXBuildFile section */
		890C52B427A3E32F009E54E9 /* BaseActivityIndicator.swift in Sources */ = {isa = PBXBuildFile; fileRef = 890C52B327A3E32F009E54E9 /* BaseActivityIndicator.swift */; };
		890CC9EE2796959C00D6185E /* AppDelegate.swift in Sources */ = {isa = PBXBuildFile; fileRef = 890CC9ED2796959C00D6185E /* AppDelegate.swift */; };
		890CC9F02796959C00D6185E /* SceneDelegate.swift in Sources */ = {isa = PBXBuildFile; fileRef = 890CC9EF2796959C00D6185E /* SceneDelegate.swift */; };
		890CC9F72796959D00D6185E /* Assets.xcassets in Resources */ = {isa = PBXBuildFile; fileRef = 890CC9F62796959D00D6185E /* Assets.xcassets */; };
		890CC9FA2796959D00D6185E /* LaunchScreen.storyboard in Resources */ = {isa = PBXBuildFile; fileRef = 890CC9F82796959D00D6185E /* LaunchScreen.storyboard */; };
		890CCA052796959D00D6185E /* FriendWithSameHobbyTests.swift in Sources */ = {isa = PBXBuildFile; fileRef = 890CCA042796959D00D6185E /* FriendWithSameHobbyTests.swift */; };
		890CCA0F2796959D00D6185E /* FriendWithSameHobbyUITests.swift in Sources */ = {isa = PBXBuildFile; fileRef = 890CCA0E2796959D00D6185E /* FriendWithSameHobbyUITests.swift */; };
		890CCA112796959D00D6185E /* FriendWithSameHobbyUITestsLaunchTests.swift in Sources */ = {isa = PBXBuildFile; fileRef = 890CCA102796959D00D6185E /* FriendWithSameHobbyUITestsLaunchTests.swift */; };
		890CCA222796986600D6185E /* PhoneAuthViewController.swift in Sources */ = {isa = PBXBuildFile; fileRef = 890CCA212796986600D6185E /* PhoneAuthViewController.swift */; };
		890CCA5127970DDC00D6185E /* GoogleService-Info.plist in Resources */ = {isa = PBXBuildFile; fileRef = 890CCA5027970DDC00D6185E /* GoogleService-Info.plist */; };
		890CCA58279712E800D6185E /* SnapKit in Frameworks */ = {isa = PBXBuildFile; productRef = 890CCA57279712E800D6185E /* SnapKit */; };
		890CCA5B279712FC00D6185E /* RxCocoa in Frameworks */ = {isa = PBXBuildFile; productRef = 890CCA5A279712FC00D6185E /* RxCocoa */; };
		890CCA5D279712FC00D6185E /* RxRelay in Frameworks */ = {isa = PBXBuildFile; productRef = 890CCA5C279712FC00D6185E /* RxRelay */; };
		890CCA5F279712FC00D6185E /* RxSwift in Frameworks */ = {isa = PBXBuildFile; productRef = 890CCA5E279712FC00D6185E /* RxSwift */; };
		890CCA622797134F00D6185E /* RxKeyboard in Frameworks */ = {isa = PBXBuildFile; productRef = 890CCA612797134F00D6185E /* RxKeyboard */; };
		890CCA652797136000D6185E /* RxGesture in Frameworks */ = {isa = PBXBuildFile; productRef = 890CCA642797136000D6185E /* RxGesture */; };
		890CCA6B2797188100D6185E /* .swiftlint.yml in Resources */ = {isa = PBXBuildFile; fileRef = 890CCA6A2797188100D6185E /* .swiftlint.yml */; };
		890CCA6E2797210100D6185E /* Moya in Frameworks */ = {isa = PBXBuildFile; productRef = 890CCA6D2797210100D6185E /* Moya */; };
		890CCA702797210100D6185E /* RxMoya in Frameworks */ = {isa = PBXBuildFile; productRef = 890CCA6F2797210100D6185E /* RxMoya */; };
		890CCA732797211F00D6185E /* Then in Frameworks */ = {isa = PBXBuildFile; productRef = 890CCA722797211F00D6185E /* Then */; };
		890CCA762797214000D6185E /* Toast in Frameworks */ = {isa = PBXBuildFile; productRef = 890CCA752797214000D6185E /* Toast */; };
		89235B3527A67A260069EFB5 /* SeSACTitleView.swift in Sources */ = {isa = PBXBuildFile; fileRef = 89235B3427A67A260069EFB5 /* SeSACTitleView.swift */; };
		89235B3727A688130069EFB5 /* SeSACReviewView.swift in Sources */ = {isa = PBXBuildFile; fileRef = 89235B3627A688130069EFB5 /* SeSACReviewView.swift */; };
		894184E027A15396007F35AC /* ProfileViewController.swift in Sources */ = {isa = PBXBuildFile; fileRef = 894184DF27A15396007F35AC /* ProfileViewController.swift */; };
		895E1D7D27A518F00054742F /* PhoneAuthRepositoryInterface.swift in Sources */ = {isa = PBXBuildFile; fileRef = 895E1D7C27A518F00054742F /* PhoneAuthRepositoryInterface.swift */; };
		895E1D7F27A51EB50054742F /* EmptyUseCase.swift in Sources */ = {isa = PBXBuildFile; fileRef = 895E1D7E27A51EB50054742F /* EmptyUseCase.swift */; };
		895E1D8127A52B1B0054742F /* UpdateFCMtokenDTO.swift in Sources */ = {isa = PBXBuildFile; fileRef = 895E1D8027A52B1B0054742F /* UpdateFCMtokenDTO.swift */; };
		895E1D8327A52B8D0054742F /* UpdateFCMtokenModel.swift in Sources */ = {isa = PBXBuildFile; fileRef = 895E1D8227A52B8D0054742F /* UpdateFCMtokenModel.swift */; };
		895E1D8527A5B0A70054742F /* AccountTableViewCell.swift in Sources */ = {isa = PBXBuildFile; fileRef = 895E1D8427A5B0A70054742F /* AccountTableViewCell.swift */; };
		895E1D8727A5B5420054742F /* Cell+Ext.swift in Sources */ = {isa = PBXBuildFile; fileRef = 895E1D8627A5B5420054742F /* Cell+Ext.swift */; };
		898B79442799431000844284 /* OnboardingViewController.swift in Sources */ = {isa = PBXBuildFile; fileRef = 898B79432799431000844284 /* OnboardingViewController.swift */; };
		898B79462799447600844284 /* Images.xcassets in Resources */ = {isa = PBXBuildFile; fileRef = 898B79452799447600844284 /* Images.xcassets */; };
		898B79482799456F00844284 /* Assets+Images.swift in Sources */ = {isa = PBXBuildFile; fileRef = 898B79472799456F00844284 /* Assets+Images.swift */; };
		898B794A279945BC00844284 /* OnboardingViewModel.swift in Sources */ = {isa = PBXBuildFile; fileRef = 898B7949279945BC00844284 /* OnboardingViewModel.swift */; };
		898B794D279945F100844284 /* ViewModelType.swift in Sources */ = {isa = PBXBuildFile; fileRef = 898B794C279945F100844284 /* ViewModelType.swift */; };
		898B794F279949D600844284 /* UseCaseType.swift in Sources */ = {isa = PBXBuildFile; fileRef = 898B794E279949D600844284 /* UseCaseType.swift */; };
		898B795127994A4E00844284 /* OnboardingUseCase.swift in Sources */ = {isa = PBXBuildFile; fileRef = 898B795027994A4E00844284 /* OnboardingUseCase.swift */; };
		898B79542799502900844284 /* CoordinatorType.swift in Sources */ = {isa = PBXBuildFile; fileRef = 898B79532799502900844284 /* CoordinatorType.swift */; };
		898B79572799505000844284 /* AppCoordinator.swift in Sources */ = {isa = PBXBuildFile; fileRef = 898B79562799505000844284 /* AppCoordinator.swift */; };
		898B795A2799604700844284 /* AuthCoordinator.swift in Sources */ = {isa = PBXBuildFile; fileRef = 898B79592799604700844284 /* AuthCoordinator.swift */; };
		89A81983279A81D400F257CA /* OnboardingRepository.swift in Sources */ = {isa = PBXBuildFile; fileRef = 89A81982279A81D400F257CA /* OnboardingRepository.swift */; };
		89A81985279A831A00F257CA /* OnboardingRepositoryInterface.swift in Sources */ = {isa = PBXBuildFile; fileRef = 89A81984279A831A00F257CA /* OnboardingRepositoryInterface.swift */; };
		89A81988279ADF7800F257CA /* BaseButton.swift in Sources */ = {isa = PBXBuildFile; fileRef = 89A81987279ADF7800F257CA /* BaseButton.swift */; };
		89A8198A279AE7D100F257CA /* UIView+Ext.swift in Sources */ = {isa = PBXBuildFile; fileRef = 89A81989279AE7D100F257CA /* UIView+Ext.swift */; };
		89A8198D279AF95C00F257CA /* PhoneAuthViewModel.swift in Sources */ = {isa = PBXBuildFile; fileRef = 89A8198C279AF95C00F257CA /* PhoneAuthViewModel.swift */; };
		89A81990279AF9E500F257CA /* PhoneAuthUseCase.swift in Sources */ = {isa = PBXBuildFile; fileRef = 89A8198F279AF9E500F257CA /* PhoneAuthUseCase.swift */; };
		89A81992279B023900F257CA /* String+Ext.swift in Sources */ = {isa = PBXBuildFile; fileRef = 89A81991279B023900F257CA /* String+Ext.swift */; };
		89AB664A27983F8D00DFEE95 /* Colors.xcassets in Resources */ = {isa = PBXBuildFile; fileRef = 89AB664927983F8D00DFEE95 /* Colors.xcassets */; };
		89AB664E279844B000DFEE95 /* swiftgen.yml in Resources */ = {isa = PBXBuildFile; fileRef = 89AB664D279844B000DFEE95 /* swiftgen.yml */; };
		89AB6650279846A900DFEE95 /* Assets+Colors.swift in Sources */ = {isa = PBXBuildFile; fileRef = 89AB664F279846A900DFEE95 /* Assets+Colors.swift */; };
		89AB66562798586F00DFEE95 /* NotoSansKR-Medium.otf in Resources */ = {isa = PBXBuildFile; fileRef = 89AB66542798584D00DFEE95 /* NotoSansKR-Medium.otf */; };
		89AB66572798587200DFEE95 /* NotoSansKR-Regular.otf in Resources */ = {isa = PBXBuildFile; fileRef = 89AB66552798584D00DFEE95 /* NotoSansKR-Regular.otf */; };
		89AB665927985B9600DFEE95 /* Assets+Fonts.swift in Sources */ = {isa = PBXBuildFile; fileRef = 89AB665827985B9600DFEE95 /* Assets+Fonts.swift */; };
		89AB665E27985F4200DFEE95 /* UIFont+Ext.swift in Sources */ = {isa = PBXBuildFile; fileRef = 89AB665D27985F4200DFEE95 /* UIFont+Ext.swift */; };
		89C0F3F427A28C3C0038DACA /* UserInfoModel.swift in Sources */ = {isa = PBXBuildFile; fileRef = 89C0F3F327A28C3C0038DACA /* UserInfoModel.swift */; };
		89C0F3F627A28ECA0038DACA /* UserRegisterModel.swift in Sources */ = {isa = PBXBuildFile; fileRef = 89C0F3F527A28ECA0038DACA /* UserRegisterModel.swift */; };
		89C0F3F827A28F6D0038DACA /* UserRegisterDTO.swift in Sources */ = {isa = PBXBuildFile; fileRef = 89C0F3F727A28F6D0038DACA /* UserRegisterDTO.swift */; };
		89C147C6279FCBCA00F0E616 /* UserRepositoryInterface.swift in Sources */ = {isa = PBXBuildFile; fileRef = 89C147C5279FCBCA00F0E616 /* UserRepositoryInterface.swift */; };
		89C147CC27A00DDF00F0E616 /* MainTabCoordinator.swift in Sources */ = {isa = PBXBuildFile; fileRef = 89C147CB27A00DDF00F0E616 /* MainTabCoordinator.swift */; };
		89C147CF27A00E4B00F0E616 /* HomeCoordinator.swift in Sources */ = {isa = PBXBuildFile; fileRef = 89C147CE27A00E4B00F0E616 /* HomeCoordinator.swift */; };
		89C147D127A00E5700F0E616 /* ShopCoordinator.swift in Sources */ = {isa = PBXBuildFile; fileRef = 89C147D027A00E5700F0E616 /* ShopCoordinator.swift */; };
		89C147D327A00E6400F0E616 /* FriendsCoordinator.swift in Sources */ = {isa = PBXBuildFile; fileRef = 89C147D227A00E6400F0E616 /* FriendsCoordinator.swift */; };
		89C147D527A00E7200F0E616 /* AccountCoordinator.swift in Sources */ = {isa = PBXBuildFile; fileRef = 89C147D427A00E7200F0E616 /* AccountCoordinator.swift */; };
		89C147E427A00F1300F0E616 /* HomeViewController.swift in Sources */ = {isa = PBXBuildFile; fileRef = 89C147E327A00F1300F0E616 /* HomeViewController.swift */; };
		89C147E627A00F3500F0E616 /* ShopViewController.swift in Sources */ = {isa = PBXBuildFile; fileRef = 89C147E527A00F3500F0E616 /* ShopViewController.swift */; };
		89C147E827A00F5000F0E616 /* FriendsViewController.swift in Sources */ = {isa = PBXBuildFile; fileRef = 89C147E727A00F5000F0E616 /* FriendsViewController.swift */; };
		89C147EA27A00F7700F0E616 /* AccountViewController.swift in Sources */ = {isa = PBXBuildFile; fileRef = 89C147E927A00F7700F0E616 /* AccountViewController.swift */; };
		89C147F227A06E5100F0E616 /* AccountTableHeaderView.swift in Sources */ = {isa = PBXBuildFile; fileRef = 89C147F127A06E5100F0E616 /* AccountTableHeaderView.swift */; };
		89D721C2279B8F8300B02A1E /* BaseTextField.swift in Sources */ = {isa = PBXBuildFile; fileRef = 89D721C1279B8F8300B02A1E /* BaseTextField.swift */; };
		89D721C4279B906F00B02A1E /* UITextField+Ext.swift in Sources */ = {isa = PBXBuildFile; fileRef = 89D721C3279B906F00B02A1E /* UITextField+Ext.swift */; };
		89D721C6279C14CC00B02A1E /* PhoneAuthRepository.swift in Sources */ = {isa = PBXBuildFile; fileRef = 89D721C5279C14CC00B02A1E /* PhoneAuthRepository.swift */; };
		89D721CA279C5A0E00B02A1E /* VerifyViewController.swift in Sources */ = {isa = PBXBuildFile; fileRef = 89D721C9279C5A0E00B02A1E /* VerifyViewController.swift */; };
		89D721CC279C5B4A00B02A1E /* VerifyViewModel.swift in Sources */ = {isa = PBXBuildFile; fileRef = 89D721CB279C5B4A00B02A1E /* VerifyViewModel.swift */; };
		89D721CE279C5BFE00B02A1E /* VerifyUseCase.swift in Sources */ = {isa = PBXBuildFile; fileRef = 89D721CD279C5BFE00B02A1E /* VerifyUseCase.swift */; };
		89E0559C279D18D200E86445 /* UserRepository.swift in Sources */ = {isa = PBXBuildFile; fileRef = 89E0559B279D18D200E86445 /* UserRepository.swift */; };
		89E0559E279D1AF100E86445 /* UserTargets.swift in Sources */ = {isa = PBXBuildFile; fileRef = 89E0559D279D1AF100E86445 /* UserTargets.swift */; };
		89E055A2279D1B9F00E86445 /* URLComponents.swift in Sources */ = {isa = PBXBuildFile; fileRef = 89E055A1279D1B9F00E86445 /* URLComponents.swift */; };
		89E055A5279D296400E86445 /* UserDefaultManagers.swift in Sources */ = {isa = PBXBuildFile; fileRef = 89E055A4279D296400E86445 /* UserDefaultManagers.swift */; };
		89E055A8279D7BCC00E86445 /* FirebaseAuth in Frameworks */ = {isa = PBXBuildFile; productRef = 89E055A7279D7BCC00E86445 /* FirebaseAuth */; };
		89E055AA279D7BCC00E86445 /* FirebaseMessaging in Frameworks */ = {isa = PBXBuildFile; productRef = 89E055A9279D7BCC00E86445 /* FirebaseMessaging */; };
		89E055AF279D9B4400E86445 /* UserInfoDTO.swift in Sources */ = {isa = PBXBuildFile; fileRef = 89E055AE279D9B4400E86445 /* UserInfoDTO.swift */; };
		89E055B1279D9D7800E86445 /* APIErrors.swift in Sources */ = {isa = PBXBuildFile; fileRef = 89E055B0279D9D7800E86445 /* APIErrors.swift */; };
		89E055B5279DA6C200E86445 /* NicknameViewController.swift in Sources */ = {isa = PBXBuildFile; fileRef = 89E055B4279DA6C200E86445 /* NicknameViewController.swift */; };
		89ECC564279E759600C4C477 /* NickNameViewModel.swift in Sources */ = {isa = PBXBuildFile; fileRef = 89ECC563279E759600C4C477 /* NickNameViewModel.swift */; };
		89ECC566279E987B00C4C477 /* BirthViewController.swift in Sources */ = {isa = PBXBuildFile; fileRef = 89ECC565279E987B00C4C477 /* BirthViewController.swift */; };
		89ECC56A279E99E600C4C477 /* BirthViewModel.swift in Sources */ = {isa = PBXBuildFile; fileRef = 89ECC569279E99E600C4C477 /* BirthViewModel.swift */; };
		89ECC56C279EF43100C4C477 /* Date+Ext.swift in Sources */ = {isa = PBXBuildFile; fileRef = 89ECC56B279EF43100C4C477 /* Date+Ext.swift */; };
		89ECC56E279F011B00C4C477 /* EmailViewController.swift in Sources */ = {isa = PBXBuildFile; fileRef = 89ECC56D279F011B00C4C477 /* EmailViewController.swift */; };
		89ECC572279F013800C4C477 /* EmailViewModel.swift in Sources */ = {isa = PBXBuildFile; fileRef = 89ECC571279F013700C4C477 /* EmailViewModel.swift */; };
		89ECC578279F2AEB00C4C477 /* RegisterViewModel.swift in Sources */ = {isa = PBXBuildFile; fileRef = 89ECC577279F2AEB00C4C477 /* RegisterViewModel.swift */; };
		89ECC57A279F2B0000C4C477 /* RegisterViewController.swift in Sources */ = {isa = PBXBuildFile; fileRef = 89ECC579279F2B0000C4C477 /* RegisterViewController.swift */; };
		89ECC57C279F330300C4C477 /* RegisterUseCase.swift in Sources */ = {isa = PBXBuildFile; fileRef = 89ECC57B279F330300C4C477 /* RegisterUseCase.swift */; };
		89EF953827A6482A0070BB38 /* BaseCardView.swift in Sources */ = {isa = PBXBuildFile; fileRef = 89EF953727A6482A0070BB38 /* BaseCardView.swift */; };
/* End PBXBuildFile section */

/* Begin PBXContainerItemProxy section */
		890CCA012796959D00D6185E /* PBXContainerItemProxy */ = {
			isa = PBXContainerItemProxy;
			containerPortal = 890CC9E22796959C00D6185E /* Project object */;
			proxyType = 1;
			remoteGlobalIDString = 890CC9E92796959C00D6185E;
			remoteInfo = FriendWithSameHobby;
		};
		890CCA0B2796959D00D6185E /* PBXContainerItemProxy */ = {
			isa = PBXContainerItemProxy;
			containerPortal = 890CC9E22796959C00D6185E /* Project object */;
			proxyType = 1;
			remoteGlobalIDString = 890CC9E92796959C00D6185E;
			remoteInfo = FriendWithSameHobby;
		};
/* End PBXContainerItemProxy section */

/* Begin PBXFileReference section */
		890C52B327A3E32F009E54E9 /* BaseActivityIndicator.swift */ = {isa = PBXFileReference; lastKnownFileType = sourcecode.swift; path = BaseActivityIndicator.swift; sourceTree = "<group>"; };
		890CC9EA2796959C00D6185E /* FriendWithSameHobby.app */ = {isa = PBXFileReference; explicitFileType = wrapper.application; includeInIndex = 0; path = FriendWithSameHobby.app; sourceTree = BUILT_PRODUCTS_DIR; };
		890CC9ED2796959C00D6185E /* AppDelegate.swift */ = {isa = PBXFileReference; lastKnownFileType = sourcecode.swift; path = AppDelegate.swift; sourceTree = "<group>"; };
		890CC9EF2796959C00D6185E /* SceneDelegate.swift */ = {isa = PBXFileReference; lastKnownFileType = sourcecode.swift; path = SceneDelegate.swift; sourceTree = "<group>"; };
		890CC9F62796959D00D6185E /* Assets.xcassets */ = {isa = PBXFileReference; lastKnownFileType = folder.assetcatalog; path = Assets.xcassets; sourceTree = "<group>"; };
		890CC9F92796959D00D6185E /* Base */ = {isa = PBXFileReference; lastKnownFileType = file.storyboard; name = Base; path = Base.lproj/LaunchScreen.storyboard; sourceTree = "<group>"; };
		890CC9FB2796959D00D6185E /* Info.plist */ = {isa = PBXFileReference; lastKnownFileType = text.plist.xml; path = Info.plist; sourceTree = "<group>"; };
		890CCA002796959D00D6185E /* FriendWithSameHobbyTests.xctest */ = {isa = PBXFileReference; explicitFileType = wrapper.cfbundle; includeInIndex = 0; path = FriendWithSameHobbyTests.xctest; sourceTree = BUILT_PRODUCTS_DIR; };
		890CCA042796959D00D6185E /* FriendWithSameHobbyTests.swift */ = {isa = PBXFileReference; lastKnownFileType = sourcecode.swift; path = FriendWithSameHobbyTests.swift; sourceTree = "<group>"; };
		890CCA0A2796959D00D6185E /* FriendWithSameHobbyUITests.xctest */ = {isa = PBXFileReference; explicitFileType = wrapper.cfbundle; includeInIndex = 0; path = FriendWithSameHobbyUITests.xctest; sourceTree = BUILT_PRODUCTS_DIR; };
		890CCA0E2796959D00D6185E /* FriendWithSameHobbyUITests.swift */ = {isa = PBXFileReference; lastKnownFileType = sourcecode.swift; path = FriendWithSameHobbyUITests.swift; sourceTree = "<group>"; };
		890CCA102796959D00D6185E /* FriendWithSameHobbyUITestsLaunchTests.swift */ = {isa = PBXFileReference; lastKnownFileType = sourcecode.swift; path = FriendWithSameHobbyUITestsLaunchTests.swift; sourceTree = "<group>"; };
		890CCA212796986600D6185E /* PhoneAuthViewController.swift */ = {isa = PBXFileReference; lastKnownFileType = sourcecode.swift; path = PhoneAuthViewController.swift; sourceTree = "<group>"; };
		890CCA5027970DDC00D6185E /* GoogleService-Info.plist */ = {isa = PBXFileReference; fileEncoding = 4; lastKnownFileType = text.plist.xml; path = "GoogleService-Info.plist"; sourceTree = "<group>"; };
		890CCA69279717C600D6185E /* FriendWithSameHobby.entitlements */ = {isa = PBXFileReference; lastKnownFileType = text.plist.entitlements; path = FriendWithSameHobby.entitlements; sourceTree = "<group>"; };
		890CCA6A2797188100D6185E /* .swiftlint.yml */ = {isa = PBXFileReference; lastKnownFileType = text.yaml; path = .swiftlint.yml; sourceTree = "<group>"; };
		89235B3427A67A260069EFB5 /* SeSACTitleView.swift */ = {isa = PBXFileReference; lastKnownFileType = sourcecode.swift; path = SeSACTitleView.swift; sourceTree = "<group>"; };
		89235B3627A688130069EFB5 /* SeSACReviewView.swift */ = {isa = PBXFileReference; lastKnownFileType = sourcecode.swift; path = SeSACReviewView.swift; sourceTree = "<group>"; };
		894184DF27A15396007F35AC /* ProfileViewController.swift */ = {isa = PBXFileReference; lastKnownFileType = sourcecode.swift; path = ProfileViewController.swift; sourceTree = "<group>"; };
		895E1D7C27A518F00054742F /* PhoneAuthRepositoryInterface.swift */ = {isa = PBXFileReference; lastKnownFileType = sourcecode.swift; path = PhoneAuthRepositoryInterface.swift; sourceTree = "<group>"; };
		895E1D7E27A51EB50054742F /* EmptyUseCase.swift */ = {isa = PBXFileReference; lastKnownFileType = sourcecode.swift; path = EmptyUseCase.swift; sourceTree = "<group>"; };
		895E1D8027A52B1B0054742F /* UpdateFCMtokenDTO.swift */ = {isa = PBXFileReference; lastKnownFileType = sourcecode.swift; path = UpdateFCMtokenDTO.swift; sourceTree = "<group>"; };
		895E1D8227A52B8D0054742F /* UpdateFCMtokenModel.swift */ = {isa = PBXFileReference; lastKnownFileType = sourcecode.swift; path = UpdateFCMtokenModel.swift; sourceTree = "<group>"; };
		895E1D8427A5B0A70054742F /* AccountTableViewCell.swift */ = {isa = PBXFileReference; lastKnownFileType = sourcecode.swift; path = AccountTableViewCell.swift; sourceTree = "<group>"; };
		895E1D8627A5B5420054742F /* Cell+Ext.swift */ = {isa = PBXFileReference; lastKnownFileType = sourcecode.swift; path = "Cell+Ext.swift"; sourceTree = "<group>"; };
		898B79432799431000844284 /* OnboardingViewController.swift */ = {isa = PBXFileReference; lastKnownFileType = sourcecode.swift; path = OnboardingViewController.swift; sourceTree = "<group>"; };
		898B79452799447600844284 /* Images.xcassets */ = {isa = PBXFileReference; lastKnownFileType = folder.assetcatalog; path = Images.xcassets; sourceTree = "<group>"; };
		898B79472799456F00844284 /* Assets+Images.swift */ = {isa = PBXFileReference; fileEncoding = 4; lastKnownFileType = sourcecode.swift; path = "Assets+Images.swift"; sourceTree = "<group>"; };
		898B7949279945BC00844284 /* OnboardingViewModel.swift */ = {isa = PBXFileReference; lastKnownFileType = sourcecode.swift; path = OnboardingViewModel.swift; sourceTree = "<group>"; };
		898B794C279945F100844284 /* ViewModelType.swift */ = {isa = PBXFileReference; lastKnownFileType = sourcecode.swift; path = ViewModelType.swift; sourceTree = "<group>"; };
		898B794E279949D600844284 /* UseCaseType.swift */ = {isa = PBXFileReference; lastKnownFileType = sourcecode.swift; path = UseCaseType.swift; sourceTree = "<group>"; };
		898B795027994A4E00844284 /* OnboardingUseCase.swift */ = {isa = PBXFileReference; lastKnownFileType = sourcecode.swift; path = OnboardingUseCase.swift; sourceTree = "<group>"; };
		898B79532799502900844284 /* CoordinatorType.swift */ = {isa = PBXFileReference; lastKnownFileType = sourcecode.swift; path = CoordinatorType.swift; sourceTree = "<group>"; };
		898B79562799505000844284 /* AppCoordinator.swift */ = {isa = PBXFileReference; lastKnownFileType = sourcecode.swift; path = AppCoordinator.swift; sourceTree = "<group>"; };
		898B79592799604700844284 /* AuthCoordinator.swift */ = {isa = PBXFileReference; lastKnownFileType = sourcecode.swift; path = AuthCoordinator.swift; sourceTree = "<group>"; };
		89A81982279A81D400F257CA /* OnboardingRepository.swift */ = {isa = PBXFileReference; lastKnownFileType = sourcecode.swift; path = OnboardingRepository.swift; sourceTree = "<group>"; };
		89A81984279A831A00F257CA /* OnboardingRepositoryInterface.swift */ = {isa = PBXFileReference; lastKnownFileType = sourcecode.swift; path = OnboardingRepositoryInterface.swift; sourceTree = "<group>"; };
		89A81987279ADF7800F257CA /* BaseButton.swift */ = {isa = PBXFileReference; lastKnownFileType = sourcecode.swift; path = BaseButton.swift; sourceTree = "<group>"; };
		89A81989279AE7D100F257CA /* UIView+Ext.swift */ = {isa = PBXFileReference; lastKnownFileType = sourcecode.swift; path = "UIView+Ext.swift"; sourceTree = "<group>"; };
		89A8198C279AF95C00F257CA /* PhoneAuthViewModel.swift */ = {isa = PBXFileReference; lastKnownFileType = sourcecode.swift; path = PhoneAuthViewModel.swift; sourceTree = "<group>"; };
		89A8198F279AF9E500F257CA /* PhoneAuthUseCase.swift */ = {isa = PBXFileReference; lastKnownFileType = sourcecode.swift; path = PhoneAuthUseCase.swift; sourceTree = "<group>"; };
		89A81991279B023900F257CA /* String+Ext.swift */ = {isa = PBXFileReference; lastKnownFileType = sourcecode.swift; path = "String+Ext.swift"; sourceTree = "<group>"; };
		89AB664927983F8D00DFEE95 /* Colors.xcassets */ = {isa = PBXFileReference; lastKnownFileType = folder.assetcatalog; path = Colors.xcassets; sourceTree = "<group>"; };
		89AB664D279844B000DFEE95 /* swiftgen.yml */ = {isa = PBXFileReference; fileEncoding = 4; lastKnownFileType = text.yaml; path = swiftgen.yml; sourceTree = "<group>"; };
		89AB664F279846A900DFEE95 /* Assets+Colors.swift */ = {isa = PBXFileReference; fileEncoding = 4; lastKnownFileType = sourcecode.swift; path = "Assets+Colors.swift"; sourceTree = "<group>"; };
		89AB66542798584D00DFEE95 /* NotoSansKR-Medium.otf */ = {isa = PBXFileReference; lastKnownFileType = file; path = "NotoSansKR-Medium.otf"; sourceTree = "<group>"; };
		89AB66552798584D00DFEE95 /* NotoSansKR-Regular.otf */ = {isa = PBXFileReference; lastKnownFileType = file; path = "NotoSansKR-Regular.otf"; sourceTree = "<group>"; };
		89AB665827985B9600DFEE95 /* Assets+Fonts.swift */ = {isa = PBXFileReference; fileEncoding = 4; lastKnownFileType = sourcecode.swift; path = "Assets+Fonts.swift"; sourceTree = "<group>"; };
		89AB665D27985F4200DFEE95 /* UIFont+Ext.swift */ = {isa = PBXFileReference; lastKnownFileType = sourcecode.swift; path = "UIFont+Ext.swift"; sourceTree = "<group>"; };
		89C0F3F327A28C3C0038DACA /* UserInfoModel.swift */ = {isa = PBXFileReference; lastKnownFileType = sourcecode.swift; path = UserInfoModel.swift; sourceTree = "<group>"; };
		89C0F3F527A28ECA0038DACA /* UserRegisterModel.swift */ = {isa = PBXFileReference; lastKnownFileType = sourcecode.swift; path = UserRegisterModel.swift; sourceTree = "<group>"; };
		89C0F3F727A28F6D0038DACA /* UserRegisterDTO.swift */ = {isa = PBXFileReference; lastKnownFileType = sourcecode.swift; path = UserRegisterDTO.swift; sourceTree = "<group>"; };
		89C147C5279FCBCA00F0E616 /* UserRepositoryInterface.swift */ = {isa = PBXFileReference; lastKnownFileType = sourcecode.swift; path = UserRepositoryInterface.swift; sourceTree = "<group>"; };
		89C147CB27A00DDF00F0E616 /* MainTabCoordinator.swift */ = {isa = PBXFileReference; lastKnownFileType = sourcecode.swift; path = MainTabCoordinator.swift; sourceTree = "<group>"; };
		89C147CE27A00E4B00F0E616 /* HomeCoordinator.swift */ = {isa = PBXFileReference; lastKnownFileType = sourcecode.swift; path = HomeCoordinator.swift; sourceTree = "<group>"; };
		89C147D027A00E5700F0E616 /* ShopCoordinator.swift */ = {isa = PBXFileReference; lastKnownFileType = sourcecode.swift; path = ShopCoordinator.swift; sourceTree = "<group>"; };
		89C147D227A00E6400F0E616 /* FriendsCoordinator.swift */ = {isa = PBXFileReference; lastKnownFileType = sourcecode.swift; path = FriendsCoordinator.swift; sourceTree = "<group>"; };
		89C147D427A00E7200F0E616 /* AccountCoordinator.swift */ = {isa = PBXFileReference; lastKnownFileType = sourcecode.swift; path = AccountCoordinator.swift; sourceTree = "<group>"; };
		89C147E327A00F1300F0E616 /* HomeViewController.swift */ = {isa = PBXFileReference; lastKnownFileType = sourcecode.swift; path = HomeViewController.swift; sourceTree = "<group>"; };
		89C147E527A00F3500F0E616 /* ShopViewController.swift */ = {isa = PBXFileReference; lastKnownFileType = sourcecode.swift; path = ShopViewController.swift; sourceTree = "<group>"; };
		89C147E727A00F5000F0E616 /* FriendsViewController.swift */ = {isa = PBXFileReference; lastKnownFileType = sourcecode.swift; path = FriendsViewController.swift; sourceTree = "<group>"; };
		89C147E927A00F7700F0E616 /* AccountViewController.swift */ = {isa = PBXFileReference; lastKnownFileType = sourcecode.swift; path = AccountViewController.swift; sourceTree = "<group>"; };
		89C147F127A06E5100F0E616 /* AccountTableHeaderView.swift */ = {isa = PBXFileReference; lastKnownFileType = sourcecode.swift; path = AccountTableHeaderView.swift; sourceTree = "<group>"; };
		89D721C1279B8F8300B02A1E /* BaseTextField.swift */ = {isa = PBXFileReference; lastKnownFileType = sourcecode.swift; path = BaseTextField.swift; sourceTree = "<group>"; };
		89D721C3279B906F00B02A1E /* UITextField+Ext.swift */ = {isa = PBXFileReference; lastKnownFileType = sourcecode.swift; path = "UITextField+Ext.swift"; sourceTree = "<group>"; };
		89D721C5279C14CC00B02A1E /* PhoneAuthRepository.swift */ = {isa = PBXFileReference; lastKnownFileType = sourcecode.swift; path = PhoneAuthRepository.swift; sourceTree = "<group>"; };
		89D721C9279C5A0E00B02A1E /* VerifyViewController.swift */ = {isa = PBXFileReference; lastKnownFileType = sourcecode.swift; path = VerifyViewController.swift; sourceTree = "<group>"; };
		89D721CB279C5B4A00B02A1E /* VerifyViewModel.swift */ = {isa = PBXFileReference; lastKnownFileType = sourcecode.swift; path = VerifyViewModel.swift; sourceTree = "<group>"; };
		89D721CD279C5BFE00B02A1E /* VerifyUseCase.swift */ = {isa = PBXFileReference; lastKnownFileType = sourcecode.swift; path = VerifyUseCase.swift; sourceTree = "<group>"; };
		89E0559B279D18D200E86445 /* UserRepository.swift */ = {isa = PBXFileReference; lastKnownFileType = sourcecode.swift; path = UserRepository.swift; sourceTree = "<group>"; };
		89E0559D279D1AF100E86445 /* UserTargets.swift */ = {isa = PBXFileReference; lastKnownFileType = sourcecode.swift; path = UserTargets.swift; sourceTree = "<group>"; };
		89E055A1279D1B9F00E86445 /* URLComponents.swift */ = {isa = PBXFileReference; lastKnownFileType = sourcecode.swift; path = URLComponents.swift; sourceTree = "<group>"; };
		89E055A4279D296400E86445 /* UserDefaultManagers.swift */ = {isa = PBXFileReference; lastKnownFileType = sourcecode.swift; path = UserDefaultManagers.swift; sourceTree = "<group>"; };
		89E055AE279D9B4400E86445 /* UserInfoDTO.swift */ = {isa = PBXFileReference; lastKnownFileType = sourcecode.swift; path = UserInfoDTO.swift; sourceTree = "<group>"; };
		89E055B0279D9D7800E86445 /* APIErrors.swift */ = {isa = PBXFileReference; lastKnownFileType = sourcecode.swift; path = APIErrors.swift; sourceTree = "<group>"; };
		89E055B4279DA6C200E86445 /* NicknameViewController.swift */ = {isa = PBXFileReference; lastKnownFileType = sourcecode.swift; path = NicknameViewController.swift; sourceTree = "<group>"; };
		89ECC563279E759600C4C477 /* NickNameViewModel.swift */ = {isa = PBXFileReference; lastKnownFileType = sourcecode.swift; path = NickNameViewModel.swift; sourceTree = "<group>"; };
		89ECC565279E987B00C4C477 /* BirthViewController.swift */ = {isa = PBXFileReference; lastKnownFileType = sourcecode.swift; path = BirthViewController.swift; sourceTree = "<group>"; };
		89ECC569279E99E600C4C477 /* BirthViewModel.swift */ = {isa = PBXFileReference; lastKnownFileType = sourcecode.swift; path = BirthViewModel.swift; sourceTree = "<group>"; };
		89ECC56B279EF43100C4C477 /* Date+Ext.swift */ = {isa = PBXFileReference; lastKnownFileType = sourcecode.swift; path = "Date+Ext.swift"; sourceTree = "<group>"; };
		89ECC56D279F011B00C4C477 /* EmailViewController.swift */ = {isa = PBXFileReference; lastKnownFileType = sourcecode.swift; path = EmailViewController.swift; sourceTree = "<group>"; };
		89ECC571279F013700C4C477 /* EmailViewModel.swift */ = {isa = PBXFileReference; lastKnownFileType = sourcecode.swift; path = EmailViewModel.swift; sourceTree = "<group>"; };
		89ECC577279F2AEB00C4C477 /* RegisterViewModel.swift */ = {isa = PBXFileReference; lastKnownFileType = sourcecode.swift; path = RegisterViewModel.swift; sourceTree = "<group>"; };
		89ECC579279F2B0000C4C477 /* RegisterViewController.swift */ = {isa = PBXFileReference; lastKnownFileType = sourcecode.swift; path = RegisterViewController.swift; sourceTree = "<group>"; };
		89ECC57B279F330300C4C477 /* RegisterUseCase.swift */ = {isa = PBXFileReference; lastKnownFileType = sourcecode.swift; path = RegisterUseCase.swift; sourceTree = "<group>"; };
		89EF953727A6482A0070BB38 /* BaseCardView.swift */ = {isa = PBXFileReference; lastKnownFileType = sourcecode.swift; path = BaseCardView.swift; sourceTree = "<group>"; };
/* End PBXFileReference section */

/* Begin PBXFrameworksBuildPhase section */
		890CC9E72796959C00D6185E /* Frameworks */ = {
			isa = PBXFrameworksBuildPhase;
			buildActionMask = 2147483647;
			files = (
				89E055AA279D7BCC00E86445 /* FirebaseMessaging in Frameworks */,
				890CCA762797214000D6185E /* Toast in Frameworks */,
				890CCA702797210100D6185E /* RxMoya in Frameworks */,
				890CCA5B279712FC00D6185E /* RxCocoa in Frameworks */,
				890CCA732797211F00D6185E /* Then in Frameworks */,
				890CCA622797134F00D6185E /* RxKeyboard in Frameworks */,
				890CCA6E2797210100D6185E /* Moya in Frameworks */,
				890CCA5F279712FC00D6185E /* RxSwift in Frameworks */,
				89E055A8279D7BCC00E86445 /* FirebaseAuth in Frameworks */,
				890CCA5D279712FC00D6185E /* RxRelay in Frameworks */,
				890CCA58279712E800D6185E /* SnapKit in Frameworks */,
				890CCA652797136000D6185E /* RxGesture in Frameworks */,
			);
			runOnlyForDeploymentPostprocessing = 0;
		};
		890CC9FD2796959D00D6185E /* Frameworks */ = {
			isa = PBXFrameworksBuildPhase;
			buildActionMask = 2147483647;
			files = (
			);
			runOnlyForDeploymentPostprocessing = 0;
		};
		890CCA072796959D00D6185E /* Frameworks */ = {
			isa = PBXFrameworksBuildPhase;
			buildActionMask = 2147483647;
			files = (
			);
			runOnlyForDeploymentPostprocessing = 0;
		};
/* End PBXFrameworksBuildPhase section */

/* Begin PBXGroup section */
		890CC9E12796959C00D6185E = {
			isa = PBXGroup;
			children = (
				89AB664D279844B000DFEE95 /* swiftgen.yml */,
				890CCA6A2797188100D6185E /* .swiftlint.yml */,
				890CC9EC2796959C00D6185E /* FriendWithSameHobby */,
				890CCA032796959D00D6185E /* FriendWithSameHobbyTests */,
				890CCA0D2796959D00D6185E /* FriendWithSameHobbyUITests */,
				890CC9EB2796959C00D6185E /* Products */,
			);
			sourceTree = "<group>";
		};
		890CC9EB2796959C00D6185E /* Products */ = {
			isa = PBXGroup;
			children = (
				890CC9EA2796959C00D6185E /* FriendWithSameHobby.app */,
				890CCA002796959D00D6185E /* FriendWithSameHobbyTests.xctest */,
				890CCA0A2796959D00D6185E /* FriendWithSameHobbyUITests.xctest */,
			);
			name = Products;
			sourceTree = "<group>";
		};
		890CC9EC2796959C00D6185E /* FriendWithSameHobby */ = {
			isa = PBXGroup;
			children = (
				89E055AB279D942B00E86445 /* Network */,
				89E055A0279D1B8500E86445 /* APIKey */,
				89A8198B279AF32500F257CA /* Managers */,
				890CCA69279717C600D6185E /* FriendWithSameHobby.entitlements */,
				898B794B279945D200844284 /* Protocols */,
				89AB665C27985F3400DFEE95 /* Extensions */,
				890CCA202796984C00D6185E /* Presentation */,
				890CCA1F2796984300D6185E /* Domain */,
				890CCA1E2796983D00D6185E /* Data */,
				890CCA1D279697B300D6185E /* Resources */,
				890CC9FB2796959D00D6185E /* Info.plist */,
				890CCA5027970DDC00D6185E /* GoogleService-Info.plist */,
			);
			path = FriendWithSameHobby;
			sourceTree = "<group>";
		};
		890CCA032796959D00D6185E /* FriendWithSameHobbyTests */ = {
			isa = PBXGroup;
			children = (
				890CCA042796959D00D6185E /* FriendWithSameHobbyTests.swift */,
			);
			path = FriendWithSameHobbyTests;
			sourceTree = "<group>";
		};
		890CCA0D2796959D00D6185E /* FriendWithSameHobbyUITests */ = {
			isa = PBXGroup;
			children = (
				890CCA0E2796959D00D6185E /* FriendWithSameHobbyUITests.swift */,
				890CCA102796959D00D6185E /* FriendWithSameHobbyUITestsLaunchTests.swift */,
			);
			path = FriendWithSameHobbyUITests;
			sourceTree = "<group>";
		};
		890CCA1D279697B300D6185E /* Resources */ = {
			isa = PBXGroup;
			children = (
				89AB664827983F6C00DFEE95 /* Assets */,
				890CC9ED2796959C00D6185E /* AppDelegate.swift */,
				890CC9EF2796959C00D6185E /* SceneDelegate.swift */,
				890CC9F82796959D00D6185E /* LaunchScreen.storyboard */,
			);
			path = Resources;
			sourceTree = "<group>";
		};
		890CCA1E2796983D00D6185E /* Data */ = {
			isa = PBXGroup;
			children = (
				89E0559F279D1B5D00E86445 /* Targets */,
				89E05599279D108100E86445 /* DTO */,
				89A81982279A81D400F257CA /* OnboardingRepository.swift */,
				89D721C5279C14CC00B02A1E /* PhoneAuthRepository.swift */,
				89E0559B279D18D200E86445 /* UserRepository.swift */,
			);
			path = Data;
			sourceTree = "<group>";
		};
		890CCA1F2796984300D6185E /* Domain */ = {
			isa = PBXGroup;
			children = (
				898B795B27997F0E00844284 /* RepositoryInterfaces */,
				898B79352799423A00844284 /* UseCases */,
				898B79342799423400844284 /* Entities */,
			);
			path = Domain;
			sourceTree = "<group>";
		};
		890CCA202796984C00D6185E /* Presentation */ = {
			isa = PBXGroup;
			children = (
				898B79552799504000844284 /* Coordinator */,
				898B79332799422D00844284 /* Views */,
			);
			path = Presentation;
			sourceTree = "<group>";
		};
		89235B3327A679F80069EFB5 /* BaseCardView */ = {
			isa = PBXGroup;
			children = (
				89EF953727A6482A0070BB38 /* BaseCardView.swift */,
				89235B3427A67A260069EFB5 /* SeSACTitleView.swift */,
				89235B3627A688130069EFB5 /* SeSACReviewView.swift */,
			);
			path = BaseCardView;
			sourceTree = "<group>";
		};
		898B79332799422D00844284 /* Views */ = {
			isa = PBXGroup;
			children = (
				89C147C7279FEEAC00F0E616 /* MainTab */,
				89A81986279ADF3A00F257CA /* BaseComponent */,
				898B79362799425D00844284 /* Auth */,
			);
			path = Views;
			sourceTree = "<group>";
		};
		898B79342799423400844284 /* Entities */ = {
			isa = PBXGroup;
			children = (
				89C0F3F327A28C3C0038DACA /* UserInfoModel.swift */,
				89C0F3F527A28ECA0038DACA /* UserRegisterModel.swift */,
				895E1D8227A52B8D0054742F /* UpdateFCMtokenModel.swift */,
			);
			path = Entities;
			sourceTree = "<group>";
		};
		898B79352799423A00844284 /* UseCases */ = {
			isa = PBXGroup;
			children = (
				89A8198E279AF9C600F257CA /* Auth */,
			);
			path = UseCases;
			sourceTree = "<group>";
		};
		898B79362799425D00844284 /* Auth */ = {
			isa = PBXGroup;
			children = (
				898B793C279942AD00844284 /* Register */,
				89E0559A279D146100E86445 /* Email */,
				898B793B279942A700844284 /* Birth */,
				898B793A279942A000844284 /* Nickname */,
				898B79392799429200844284 /* Verify */,
				898B79382799427E00844284 /* PhoneAuth */,
				898B79372799426C00844284 /* Onboarding */,
			);
			path = Auth;
			sourceTree = "<group>";
		};
		898B79372799426C00844284 /* Onboarding */ = {
			isa = PBXGroup;
			children = (
				898B7940279942DE00844284 /* ViewModels */,
				898B793F279942D600844284 /* View */,
			);
			path = Onboarding;
			sourceTree = "<group>";
		};
		898B79382799427E00844284 /* PhoneAuth */ = {
			isa = PBXGroup;
			children = (
				898B7942279942F700844284 /* ViewModels */,
				898B7941279942F200844284 /* View */,
			);
			path = PhoneAuth;
			sourceTree = "<group>";
		};
		898B79392799429200844284 /* Verify */ = {
			isa = PBXGroup;
			children = (
				89D721C8279C595D00B02A1E /* ViewModels */,
				89D721C7279C595100B02A1E /* View */,
			);
			path = Verify;
			sourceTree = "<group>";
		};
		898B793A279942A000844284 /* Nickname */ = {
			isa = PBXGroup;
			children = (
				89E055B3279DA6B200E86445 /* ViewModels */,
				89E055B2279DA6AA00E86445 /* View */,
			);
			path = Nickname;
			sourceTree = "<group>";
		};
		898B793B279942A700844284 /* Birth */ = {
			isa = PBXGroup;
			children = (
				89ECC568279E988300C4C477 /* ViewModels */,
				89ECC567279E987D00C4C477 /* View */,
			);
			path = Birth;
			sourceTree = "<group>";
		};
		898B793C279942AD00844284 /* Register */ = {
			isa = PBXGroup;
			children = (
				89ECC574279F2ACA00C4C477 /* View */,
				89ECC573279F2AC200C4C477 /* ViewModels */,
			);
			path = Register;
			sourceTree = "<group>";
		};
		898B793F279942D600844284 /* View */ = {
			isa = PBXGroup;
			children = (
				898B79432799431000844284 /* OnboardingViewController.swift */,
			);
			path = View;
			sourceTree = "<group>";
		};
		898B7940279942DE00844284 /* ViewModels */ = {
			isa = PBXGroup;
			children = (
				898B7949279945BC00844284 /* OnboardingViewModel.swift */,
			);
			path = ViewModels;
			sourceTree = "<group>";
		};
		898B7941279942F200844284 /* View */ = {
			isa = PBXGroup;
			children = (
				890CCA212796986600D6185E /* PhoneAuthViewController.swift */,
			);
			path = View;
			sourceTree = "<group>";
		};
		898B7942279942F700844284 /* ViewModels */ = {
			isa = PBXGroup;
			children = (
				89A8198C279AF95C00F257CA /* PhoneAuthViewModel.swift */,
			);
			path = ViewModels;
			sourceTree = "<group>";
		};
		898B794B279945D200844284 /* Protocols */ = {
			isa = PBXGroup;
			children = (
				89C147ED27A022ED00F0E616 /* CoordinatorProtocol */,
				898B794C279945F100844284 /* ViewModelType.swift */,
				898B794E279949D600844284 /* UseCaseType.swift */,
			);
			path = Protocols;
			sourceTree = "<group>";
		};
		898B79552799504000844284 /* Coordinator */ = {
			isa = PBXGroup;
			children = (
				89C147C827A00DAD00F0E616 /* App */,
			);
			path = Coordinator;
			sourceTree = "<group>";
		};
		898B795B27997F0E00844284 /* RepositoryInterfaces */ = {
			isa = PBXGroup;
			children = (
				89A81984279A831A00F257CA /* OnboardingRepositoryInterface.swift */,
				89C147C5279FCBCA00F0E616 /* UserRepositoryInterface.swift */,
				895E1D7C27A518F00054742F /* PhoneAuthRepositoryInterface.swift */,
			);
			path = RepositoryInterfaces;
			sourceTree = "<group>";
		};
		89A81986279ADF3A00F257CA /* BaseComponent */ = {
			isa = PBXGroup;
			children = (
				89235B3327A679F80069EFB5 /* BaseCardView */,
				89A81987279ADF7800F257CA /* BaseButton.swift */,
				89D721C1279B8F8300B02A1E /* BaseTextField.swift */,
				890C52B327A3E32F009E54E9 /* BaseActivityIndicator.swift */,
			);
			path = BaseComponent;
			sourceTree = "<group>";
		};
		89A8198B279AF32500F257CA /* Managers */ = {
			isa = PBXGroup;
			children = (
				89E055A4279D296400E86445 /* UserDefaultManagers.swift */,
			);
			path = Managers;
			sourceTree = "<group>";
		};
		89A8198E279AF9C600F257CA /* Auth */ = {
			isa = PBXGroup;
			children = (
				898B795027994A4E00844284 /* OnboardingUseCase.swift */,
				89A8198F279AF9E500F257CA /* PhoneAuthUseCase.swift */,
				89D721CD279C5BFE00B02A1E /* VerifyUseCase.swift */,
				89ECC57B279F330300C4C477 /* RegisterUseCase.swift */,
				895E1D7E27A51EB50054742F /* EmptyUseCase.swift */,
			);
			path = Auth;
			sourceTree = "<group>";
		};
		89AB664827983F6C00DFEE95 /* Assets */ = {
			isa = PBXGroup;
			children = (
				89AB66532798575300DFEE95 /* Fonts */,
				89AB664B2798425D00DFEE95 /* Generated */,
				890CC9F62796959D00D6185E /* Assets.xcassets */,
				89AB664927983F8D00DFEE95 /* Colors.xcassets */,
				898B79452799447600844284 /* Images.xcassets */,
			);
			path = Assets;
			sourceTree = "<group>";
		};
		89AB664B2798425D00DFEE95 /* Generated */ = {
			isa = PBXGroup;
			children = (
				898B79472799456F00844284 /* Assets+Images.swift */,
				89AB664F279846A900DFEE95 /* Assets+Colors.swift */,
				89AB665827985B9600DFEE95 /* Assets+Fonts.swift */,
			);
			path = Generated;
			sourceTree = "<group>";
		};
		89AB66532798575300DFEE95 /* Fonts */ = {
			isa = PBXGroup;
			children = (
				89AB66542798584D00DFEE95 /* NotoSansKR-Medium.otf */,
				89AB66552798584D00DFEE95 /* NotoSansKR-Regular.otf */,
			);
			path = Fonts;
			sourceTree = "<group>";
		};
		89AB665C27985F3400DFEE95 /* Extensions */ = {
			isa = PBXGroup;
			children = (
				89AB665D27985F4200DFEE95 /* UIFont+Ext.swift */,
				89A81989279AE7D100F257CA /* UIView+Ext.swift */,
				89A81991279B023900F257CA /* String+Ext.swift */,
				89D721C3279B906F00B02A1E /* UITextField+Ext.swift */,
				89ECC56B279EF43100C4C477 /* Date+Ext.swift */,
				895E1D8627A5B5420054742F /* Cell+Ext.swift */,
			);
			path = Extensions;
			sourceTree = "<group>";
		};
		89C147C7279FEEAC00F0E616 /* MainTab */ = {
			isa = PBXGroup;
			children = (
				89C147D627A00E9E00F0E616 /* Home */,
				89C147D727A00EA300F0E616 /* Shop */,
				89C147D827A00EAA00F0E616 /* Friends */,
				89C147DA27A00EBC00F0E616 /* Account */,
			);
			path = MainTab;
			sourceTree = "<group>";
		};
		89C147C827A00DAD00F0E616 /* App */ = {
			isa = PBXGroup;
			children = (
				898B79562799505000844284 /* AppCoordinator.swift */,
				89C147C927A00DB900F0E616 /* Auth */,
				89C147CA27A00DBF00F0E616 /* MainTab */,
			);
			path = App;
			sourceTree = "<group>";
		};
		89C147C927A00DB900F0E616 /* Auth */ = {
			isa = PBXGroup;
			children = (
				898B79592799604700844284 /* AuthCoordinator.swift */,
			);
			path = Auth;
			sourceTree = "<group>";
		};
		89C147CA27A00DBF00F0E616 /* MainTab */ = {
			isa = PBXGroup;
			children = (
				89C147CB27A00DDF00F0E616 /* MainTabCoordinator.swift */,
				89C147CD27A00DE300F0E616 /* TabViews */,
			);
			path = MainTab;
			sourceTree = "<group>";
		};
		89C147CD27A00DE300F0E616 /* TabViews */ = {
			isa = PBXGroup;
			children = (
				89C147CE27A00E4B00F0E616 /* HomeCoordinator.swift */,
				89C147D027A00E5700F0E616 /* ShopCoordinator.swift */,
				89C147D227A00E6400F0E616 /* FriendsCoordinator.swift */,
				89C147D427A00E7200F0E616 /* AccountCoordinator.swift */,
			);
			path = TabViews;
			sourceTree = "<group>";
		};
		89C147D627A00E9E00F0E616 /* Home */ = {
			isa = PBXGroup;
			children = (
				89C147DB27A00ECF00F0E616 /* Views */,
				89C147DC27A00ED400F0E616 /* ViewModels */,
			);
			path = Home;
			sourceTree = "<group>";
		};
		89C147D727A00EA300F0E616 /* Shop */ = {
			isa = PBXGroup;
			children = (
				89C147DE27A00EEB00F0E616 /* Views */,
				89C147DD27A00EE500F0E616 /* ViewModels */,
			);
			path = Shop;
			sourceTree = "<group>";
		};
		89C147D827A00EAA00F0E616 /* Friends */ = {
			isa = PBXGroup;
			children = (
				89C147E027A00EF500F0E616 /* Views */,
				89C147DF27A00EF000F0E616 /* ViewModels */,
			);
			path = Friends;
			sourceTree = "<group>";
		};
		89C147DA27A00EBC00F0E616 /* Account */ = {
			isa = PBXGroup;
			children = (
				89C147E227A00F0200F0E616 /* Views */,
				89C147F027A06D6500F0E616 /* Cells */,
				89C147E127A00EFD00F0E616 /* ViewModels */,
			);
			path = Account;
			sourceTree = "<group>";
		};
		89C147DB27A00ECF00F0E616 /* Views */ = {
			isa = PBXGroup;
			children = (
				89C147E327A00F1300F0E616 /* HomeViewController.swift */,
			);
			path = Views;
			sourceTree = "<group>";
		};
		89C147DC27A00ED400F0E616 /* ViewModels */ = {
			isa = PBXGroup;
			children = (
			);
			path = ViewModels;
			sourceTree = "<group>";
		};
		89C147DD27A00EE500F0E616 /* ViewModels */ = {
			isa = PBXGroup;
			children = (
			);
			path = ViewModels;
			sourceTree = "<group>";
		};
		89C147DE27A00EEB00F0E616 /* Views */ = {
			isa = PBXGroup;
			children = (
				89C147E527A00F3500F0E616 /* ShopViewController.swift */,
			);
			path = Views;
			sourceTree = "<group>";
		};
		89C147DF27A00EF000F0E616 /* ViewModels */ = {
			isa = PBXGroup;
			children = (
			);
			path = ViewModels;
			sourceTree = "<group>";
		};
		89C147E027A00EF500F0E616 /* Views */ = {
			isa = PBXGroup;
			children = (
				89C147E727A00F5000F0E616 /* FriendsViewController.swift */,
			);
			path = Views;
			sourceTree = "<group>";
		};
		89C147E127A00EFD00F0E616 /* ViewModels */ = {
			isa = PBXGroup;
			children = (
			);
			path = ViewModels;
			sourceTree = "<group>";
		};
		89C147E227A00F0200F0E616 /* Views */ = {
			isa = PBXGroup;
			children = (
				89C147E927A00F7700F0E616 /* AccountViewController.swift */,
				894184DF27A15396007F35AC /* ProfileViewController.swift */,
			);
			path = Views;
			sourceTree = "<group>";
		};
		89C147ED27A022ED00F0E616 /* CoordinatorProtocol */ = {
			isa = PBXGroup;
			children = (
				898B79532799502900844284 /* CoordinatorType.swift */,
			);
			path = CoordinatorProtocol;
			sourceTree = "<group>";
		};
		89C147F027A06D6500F0E616 /* Cells */ = {
			isa = PBXGroup;
			children = (
				89C147F127A06E5100F0E616 /* AccountTableHeaderView.swift */,
				895E1D8427A5B0A70054742F /* AccountTableViewCell.swift */,
			);
			path = Cells;
			sourceTree = "<group>";
		};
		89D721C7279C595100B02A1E /* View */ = {
			isa = PBXGroup;
			children = (
				89D721C9279C5A0E00B02A1E /* VerifyViewController.swift */,
			);
			path = View;
			sourceTree = "<group>";
		};
		89D721C8279C595D00B02A1E /* ViewModels */ = {
			isa = PBXGroup;
			children = (
				89D721CB279C5B4A00B02A1E /* VerifyViewModel.swift */,
			);
			path = ViewModels;
			sourceTree = "<group>";
		};
		89E05599279D108100E86445 /* DTO */ = {
			isa = PBXGroup;
			children = (
				89E055AE279D9B4400E86445 /* UserInfoDTO.swift */,
				89C0F3F727A28F6D0038DACA /* UserRegisterDTO.swift */,
				895E1D8027A52B1B0054742F /* UpdateFCMtokenDTO.swift */,
			);
			path = DTO;
			sourceTree = "<group>";
		};
		89E0559A279D146100E86445 /* Email */ = {
			isa = PBXGroup;
			children = (
				89ECC570279F012600C4C477 /* ViewModels */,
				89ECC56F279F012000C4C477 /* View */,
			);
			path = Email;
			sourceTree = "<group>";
		};
		89E0559F279D1B5D00E86445 /* Targets */ = {
			isa = PBXGroup;
			children = (
				89E0559D279D1AF100E86445 /* UserTargets.swift */,
			);
			path = Targets;
			sourceTree = "<group>";
		};
		89E055A0279D1B8500E86445 /* APIKey */ = {
			isa = PBXGroup;
			children = (
				89E055A1279D1B9F00E86445 /* URLComponents.swift */,
			);
			path = APIKey;
			sourceTree = "<group>";
		};
		89E055AB279D942B00E86445 /* Network */ = {
			isa = PBXGroup;
			children = (
				89E055B0279D9D7800E86445 /* APIErrors.swift */,
			);
			path = Network;
			sourceTree = "<group>";
		};
		89E055B2279DA6AA00E86445 /* View */ = {
			isa = PBXGroup;
			children = (
				89E055B4279DA6C200E86445 /* NicknameViewController.swift */,
			);
			path = View;
			sourceTree = "<group>";
		};
		89E055B3279DA6B200E86445 /* ViewModels */ = {
			isa = PBXGroup;
			children = (
				89ECC563279E759600C4C477 /* NickNameViewModel.swift */,
			);
			path = ViewModels;
			sourceTree = "<group>";
		};
		89ECC567279E987D00C4C477 /* View */ = {
			isa = PBXGroup;
			children = (
				89ECC565279E987B00C4C477 /* BirthViewController.swift */,
			);
			path = View;
			sourceTree = "<group>";
		};
		89ECC568279E988300C4C477 /* ViewModels */ = {
			isa = PBXGroup;
			children = (
				89ECC569279E99E600C4C477 /* BirthViewModel.swift */,
			);
			path = ViewModels;
			sourceTree = "<group>";
		};
		89ECC56F279F012000C4C477 /* View */ = {
			isa = PBXGroup;
			children = (
				89ECC56D279F011B00C4C477 /* EmailViewController.swift */,
			);
			path = View;
			sourceTree = "<group>";
		};
		89ECC570279F012600C4C477 /* ViewModels */ = {
			isa = PBXGroup;
			children = (
				89ECC571279F013700C4C477 /* EmailViewModel.swift */,
			);
			path = ViewModels;
			sourceTree = "<group>";
		};
		89ECC573279F2AC200C4C477 /* ViewModels */ = {
			isa = PBXGroup;
			children = (
				89ECC577279F2AEB00C4C477 /* RegisterViewModel.swift */,
			);
			path = ViewModels;
			sourceTree = "<group>";
		};
		89ECC574279F2ACA00C4C477 /* View */ = {
			isa = PBXGroup;
			children = (
				89ECC579279F2B0000C4C477 /* RegisterViewController.swift */,
			);
			path = View;
			sourceTree = "<group>";
		};
/* End PBXGroup section */

/* Begin PBXNativeTarget section */
		890CC9E92796959C00D6185E /* FriendWithSameHobby */ = {
			isa = PBXNativeTarget;
			buildConfigurationList = 890CCA142796959D00D6185E /* Build configuration list for PBXNativeTarget "FriendWithSameHobby" */;
			buildPhases = (
				890CCA52279710EA00D6185E /* SwiftLint Script */,
				890CC9E62796959C00D6185E /* Sources */,
				890CC9E72796959C00D6185E /* Frameworks */,
				890CC9E82796959C00D6185E /* Resources */,
				89AB664C2798436A00DFEE95 /* SwiftGen Script */,
			);
			buildRules = (
			);
			dependencies = (
			);
			name = FriendWithSameHobby;
			packageProductDependencies = (
				890CCA57279712E800D6185E /* SnapKit */,
				890CCA5A279712FC00D6185E /* RxCocoa */,
				890CCA5C279712FC00D6185E /* RxRelay */,
				890CCA5E279712FC00D6185E /* RxSwift */,
				890CCA612797134F00D6185E /* RxKeyboard */,
				890CCA642797136000D6185E /* RxGesture */,
				890CCA6D2797210100D6185E /* Moya */,
				890CCA6F2797210100D6185E /* RxMoya */,
				890CCA722797211F00D6185E /* Then */,
				890CCA752797214000D6185E /* Toast */,
				89E055A7279D7BCC00E86445 /* FirebaseAuth */,
				89E055A9279D7BCC00E86445 /* FirebaseMessaging */,
			);
			productName = FriendWithSameHobby;
			productReference = 890CC9EA2796959C00D6185E /* FriendWithSameHobby.app */;
			productType = "com.apple.product-type.application";
		};
		890CC9FF2796959D00D6185E /* FriendWithSameHobbyTests */ = {
			isa = PBXNativeTarget;
			buildConfigurationList = 890CCA172796959D00D6185E /* Build configuration list for PBXNativeTarget "FriendWithSameHobbyTests" */;
			buildPhases = (
				890CC9FC2796959D00D6185E /* Sources */,
				890CC9FD2796959D00D6185E /* Frameworks */,
				890CC9FE2796959D00D6185E /* Resources */,
			);
			buildRules = (
			);
			dependencies = (
				890CCA022796959D00D6185E /* PBXTargetDependency */,
			);
			name = FriendWithSameHobbyTests;
			productName = FriendWithSameHobbyTests;
			productReference = 890CCA002796959D00D6185E /* FriendWithSameHobbyTests.xctest */;
			productType = "com.apple.product-type.bundle.unit-test";
		};
		890CCA092796959D00D6185E /* FriendWithSameHobbyUITests */ = {
			isa = PBXNativeTarget;
			buildConfigurationList = 890CCA1A2796959D00D6185E /* Build configuration list for PBXNativeTarget "FriendWithSameHobbyUITests" */;
			buildPhases = (
				890CCA062796959D00D6185E /* Sources */,
				890CCA072796959D00D6185E /* Frameworks */,
				890CCA082796959D00D6185E /* Resources */,
			);
			buildRules = (
			);
			dependencies = (
				890CCA0C2796959D00D6185E /* PBXTargetDependency */,
			);
			name = FriendWithSameHobbyUITests;
			productName = FriendWithSameHobbyUITests;
			productReference = 890CCA0A2796959D00D6185E /* FriendWithSameHobbyUITests.xctest */;
			productType = "com.apple.product-type.bundle.ui-testing";
		};
/* End PBXNativeTarget section */

/* Begin PBXProject section */
		890CC9E22796959C00D6185E /* Project object */ = {
			isa = PBXProject;
			attributes = {
				BuildIndependentTargetsInParallel = 1;
				LastSwiftUpdateCheck = 1320;
				LastUpgradeCheck = 1320;
				TargetAttributes = {
					890CC9E92796959C00D6185E = {
						CreatedOnToolsVersion = 13.2.1;
					};
					890CC9FF2796959D00D6185E = {
						CreatedOnToolsVersion = 13.2.1;
						TestTargetID = 890CC9E92796959C00D6185E;
					};
					890CCA092796959D00D6185E = {
						CreatedOnToolsVersion = 13.2.1;
						TestTargetID = 890CC9E92796959C00D6185E;
					};
				};
			};
			buildConfigurationList = 890CC9E52796959C00D6185E /* Build configuration list for PBXProject "FriendWithSameHobby" */;
			compatibilityVersion = "Xcode 13.0";
			developmentRegion = en;
			hasScannedForEncodings = 0;
			knownRegions = (
				en,
				Base,
			);
			mainGroup = 890CC9E12796959C00D6185E;
			packageReferences = (
				890CCA56279712E800D6185E /* XCRemoteSwiftPackageReference "SnapKit" */,
				890CCA59279712FC00D6185E /* XCRemoteSwiftPackageReference "RxSwift" */,
				890CCA602797134F00D6185E /* XCRemoteSwiftPackageReference "RxKeyboard" */,
				890CCA632797136000D6185E /* XCRemoteSwiftPackageReference "RxGesture" */,
				890CCA6C2797210100D6185E /* XCRemoteSwiftPackageReference "Moya" */,
				890CCA712797211F00D6185E /* XCRemoteSwiftPackageReference "Then" */,
				890CCA742797214000D6185E /* XCRemoteSwiftPackageReference "Toast-Swift" */,
				89E055A6279D7BCC00E86445 /* XCRemoteSwiftPackageReference "firebase-ios-sdk" */,
			);
			productRefGroup = 890CC9EB2796959C00D6185E /* Products */;
			projectDirPath = "";
			projectRoot = "";
			targets = (
				890CC9E92796959C00D6185E /* FriendWithSameHobby */,
				890CC9FF2796959D00D6185E /* FriendWithSameHobbyTests */,
				890CCA092796959D00D6185E /* FriendWithSameHobbyUITests */,
			);
		};
/* End PBXProject section */

/* Begin PBXResourcesBuildPhase section */
		890CC9E82796959C00D6185E /* Resources */ = {
			isa = PBXResourcesBuildPhase;
			buildActionMask = 2147483647;
			files = (
				898B79462799447600844284 /* Images.xcassets in Resources */,
				89AB664A27983F8D00DFEE95 /* Colors.xcassets in Resources */,
				890CCA6B2797188100D6185E /* .swiftlint.yml in Resources */,
				89AB66562798586F00DFEE95 /* NotoSansKR-Medium.otf in Resources */,
				890CC9FA2796959D00D6185E /* LaunchScreen.storyboard in Resources */,
				890CC9F72796959D00D6185E /* Assets.xcassets in Resources */,
				890CCA5127970DDC00D6185E /* GoogleService-Info.plist in Resources */,
				89AB66572798587200DFEE95 /* NotoSansKR-Regular.otf in Resources */,
				89AB664E279844B000DFEE95 /* swiftgen.yml in Resources */,
			);
			runOnlyForDeploymentPostprocessing = 0;
		};
		890CC9FE2796959D00D6185E /* Resources */ = {
			isa = PBXResourcesBuildPhase;
			buildActionMask = 2147483647;
			files = (
			);
			runOnlyForDeploymentPostprocessing = 0;
		};
		890CCA082796959D00D6185E /* Resources */ = {
			isa = PBXResourcesBuildPhase;
			buildActionMask = 2147483647;
			files = (
			);
			runOnlyForDeploymentPostprocessing = 0;
		};
/* End PBXResourcesBuildPhase section */

/* Begin PBXShellScriptBuildPhase section */
		890CCA52279710EA00D6185E /* SwiftLint Script */ = {
			isa = PBXShellScriptBuildPhase;
			buildActionMask = 2147483647;
			files = (
			);
			inputFileListPaths = (
			);
			inputPaths = (
			);
			name = "SwiftLint Script";
			outputFileListPaths = (
			);
			outputPaths = (
			);
			runOnlyForDeploymentPostprocessing = 0;
			shellPath = /bin/sh;
			shellScript = "export PATH=\"$PATH:/opt/homebrew/bin\"\n\nif which swiftlint; then\n  swiftlint\nelse\n  echo \"warning: SwiftLint not installed, download from https://github.com/realm/SwiftLint\"\nfi\n";
		};
		89AB664C2798436A00DFEE95 /* SwiftGen Script */ = {
			isa = PBXShellScriptBuildPhase;
			buildActionMask = 2147483647;
			files = (
			);
			inputFileListPaths = (
			);
			inputPaths = (
			);
			name = "SwiftGen Script";
			outputFileListPaths = (
			);
			outputPaths = (
			);
			runOnlyForDeploymentPostprocessing = 0;
			shellPath = /bin/sh;
			shellScript = "export PATH=\"$PATH:/opt/homebrew/bin\"\n\nswiftgen xcassets --templateName swift5 --param forceProviedsNamespaces --param enumName=AssetsColors --output FriendWithSameHobby/Resources/Assets/Generated/Assets+Colors.swift FriendWithSameHobby/Resources/Assets/Colors.xcassets\n\nswiftgen fonts --templateName swift5 --param forceProviedsNamespaces --param enumName=AssetsFonts --output FriendWithSameHobby/Resources/Assets/Generated/Assets+Fonts.swift FriendWithSameHobby/Resources/Assets/Fonts\n\nswiftgen xcassets --templateName swift5 --param forceProviedsNamespaces --param enumName=AssetsImages --output FriendWithSameHobby/Resources/Assets/Generated/Assets+Images.swift FriendWithSameHobby/Resources/Assets/Images.xcassets\n";
		};
/* End PBXShellScriptBuildPhase section */

/* Begin PBXSourcesBuildPhase section */
		890CC9E62796959C00D6185E /* Sources */ = {
			isa = PBXSourcesBuildPhase;
			buildActionMask = 2147483647;
			files = (
				89C147C6279FCBCA00F0E616 /* UserRepositoryInterface.swift in Sources */,
				89AB665E27985F4200DFEE95 /* UIFont+Ext.swift in Sources */,
				89AB665927985B9600DFEE95 /* Assets+Fonts.swift in Sources */,
				898B79482799456F00844284 /* Assets+Images.swift in Sources */,
				89D721CA279C5A0E00B02A1E /* VerifyViewController.swift in Sources */,
				89D721CE279C5BFE00B02A1E /* VerifyUseCase.swift in Sources */,
				89C0F3F827A28F6D0038DACA /* UserRegisterDTO.swift in Sources */,
				890CC9EE2796959C00D6185E /* AppDelegate.swift in Sources */,
				89E055A5279D296400E86445 /* UserDefaultManagers.swift in Sources */,
				894184E027A15396007F35AC /* ProfileViewController.swift in Sources */,
				89A81988279ADF7800F257CA /* BaseButton.swift in Sources */,
				89C147E827A00F5000F0E616 /* FriendsViewController.swift in Sources */,
				89A81985279A831A00F257CA /* OnboardingRepositoryInterface.swift in Sources */,
				895E1D8527A5B0A70054742F /* AccountTableViewCell.swift in Sources */,
				89C147E427A00F1300F0E616 /* HomeViewController.swift in Sources */,
				89C0F3F427A28C3C0038DACA /* UserInfoModel.swift in Sources */,
				898B794A279945BC00844284 /* OnboardingViewModel.swift in Sources */,
				890CC9F02796959C00D6185E /* SceneDelegate.swift in Sources */,
				89A8198A279AE7D100F257CA /* UIView+Ext.swift in Sources */,
				898B79572799505000844284 /* AppCoordinator.swift in Sources */,
				89D721C6279C14CC00B02A1E /* PhoneAuthRepository.swift in Sources */,
				89ECC578279F2AEB00C4C477 /* RegisterViewModel.swift in Sources */,
				89ECC56A279E99E600C4C477 /* BirthViewModel.swift in Sources */,
				89E055B1279D9D7800E86445 /* APIErrors.swift in Sources */,
				89C147EA27A00F7700F0E616 /* AccountViewController.swift in Sources */,
				89ECC57C279F330300C4C477 /* RegisterUseCase.swift in Sources */,
				89E055B5279DA6C200E86445 /* NicknameViewController.swift in Sources */,
				89A81992279B023900F257CA /* String+Ext.swift in Sources */,
				895E1D8127A52B1B0054742F /* UpdateFCMtokenDTO.swift in Sources */,
				89ECC56C279EF43100C4C477 /* Date+Ext.swift in Sources */,
				898B79542799502900844284 /* CoordinatorType.swift in Sources */,
				89D721C2279B8F8300B02A1E /* BaseTextField.swift in Sources */,
				89ECC57A279F2B0000C4C477 /* RegisterViewController.swift in Sources */,
				89E0559E279D1AF100E86445 /* UserTargets.swift in Sources */,
				89EF953827A6482A0070BB38 /* BaseCardView.swift in Sources */,
				89A81983279A81D400F257CA /* OnboardingRepository.swift in Sources */,
				89C147D127A00E5700F0E616 /* ShopCoordinator.swift in Sources */,
				89C147F227A06E5100F0E616 /* AccountTableHeaderView.swift in Sources */,
				89C147D527A00E7200F0E616 /* AccountCoordinator.swift in Sources */,
				898B795127994A4E00844284 /* OnboardingUseCase.swift in Sources */,
				89C147E627A00F3500F0E616 /* ShopViewController.swift in Sources */,
				89C147CF27A00E4B00F0E616 /* HomeCoordinator.swift in Sources */,
				895E1D7D27A518F00054742F /* PhoneAuthRepositoryInterface.swift in Sources */,
				898B794F279949D600844284 /* UseCaseType.swift in Sources */,
				89235B3727A688130069EFB5 /* SeSACReviewView.swift in Sources */,
				89E0559C279D18D200E86445 /* UserRepository.swift in Sources */,
				89A81990279AF9E500F257CA /* PhoneAuthUseCase.swift in Sources */,
				895E1D7F27A51EB50054742F /* EmptyUseCase.swift in Sources */,
				89235B3527A67A260069EFB5 /* SeSACTitleView.swift in Sources */,
				89C147D327A00E6400F0E616 /* FriendsCoordinator.swift in Sources */,
				895E1D8727A5B5420054742F /* Cell+Ext.swift in Sources */,
				89E055A2279D1B9F00E86445 /* URLComponents.swift in Sources */,
				898B795A2799604700844284 /* AuthCoordinator.swift in Sources */,
				898B79442799431000844284 /* OnboardingViewController.swift in Sources */,
				89ECC564279E759600C4C477 /* NickNameViewModel.swift in Sources */,
				890C52B427A3E32F009E54E9 /* BaseActivityIndicator.swift in Sources */,
				89D721C4279B906F00B02A1E /* UITextField+Ext.swift in Sources */,
				89AB6650279846A900DFEE95 /* Assets+Colors.swift in Sources */,
				898B794D279945F100844284 /* ViewModelType.swift in Sources */,
				890CCA222796986600D6185E /* PhoneAuthViewController.swift in Sources */,
				89ECC56E279F011B00C4C477 /* EmailViewController.swift in Sources */,
				89C0F3F627A28ECA0038DACA /* UserRegisterModel.swift in Sources */,
				89ECC572279F013800C4C477 /* EmailViewModel.swift in Sources */,
				89E055AF279D9B4400E86445 /* UserInfoDTO.swift in Sources */,
				89D721CC279C5B4A00B02A1E /* VerifyViewModel.swift in Sources */,
				89C147CC27A00DDF00F0E616 /* MainTabCoordinator.swift in Sources */,
				89ECC566279E987B00C4C477 /* BirthViewController.swift in Sources */,
				89A8198D279AF95C00F257CA /* PhoneAuthViewModel.swift in Sources */,
				895E1D8327A52B8D0054742F /* UpdateFCMtokenModel.swift in Sources */,
			);
			runOnlyForDeploymentPostprocessing = 0;
		};
		890CC9FC2796959D00D6185E /* Sources */ = {
			isa = PBXSourcesBuildPhase;
			buildActionMask = 2147483647;
			files = (
				890CCA052796959D00D6185E /* FriendWithSameHobbyTests.swift in Sources */,
			);
			runOnlyForDeploymentPostprocessing = 0;
		};
		890CCA062796959D00D6185E /* Sources */ = {
			isa = PBXSourcesBuildPhase;
			buildActionMask = 2147483647;
			files = (
				890CCA0F2796959D00D6185E /* FriendWithSameHobbyUITests.swift in Sources */,
				890CCA112796959D00D6185E /* FriendWithSameHobbyUITestsLaunchTests.swift in Sources */,
			);
			runOnlyForDeploymentPostprocessing = 0;
		};
/* End PBXSourcesBuildPhase section */

/* Begin PBXTargetDependency section */
		890CCA022796959D00D6185E /* PBXTargetDependency */ = {
			isa = PBXTargetDependency;
			target = 890CC9E92796959C00D6185E /* FriendWithSameHobby */;
			targetProxy = 890CCA012796959D00D6185E /* PBXContainerItemProxy */;
		};
		890CCA0C2796959D00D6185E /* PBXTargetDependency */ = {
			isa = PBXTargetDependency;
			target = 890CC9E92796959C00D6185E /* FriendWithSameHobby */;
			targetProxy = 890CCA0B2796959D00D6185E /* PBXContainerItemProxy */;
		};
/* End PBXTargetDependency section */

/* Begin PBXVariantGroup section */
		890CC9F82796959D00D6185E /* LaunchScreen.storyboard */ = {
			isa = PBXVariantGroup;
			children = (
				890CC9F92796959D00D6185E /* Base */,
			);
			name = LaunchScreen.storyboard;
			sourceTree = "<group>";
		};
/* End PBXVariantGroup section */

/* Begin XCBuildConfiguration section */
		890CCA122796959D00D6185E /* Debug */ = {
			isa = XCBuildConfiguration;
			buildSettings = {
				ALWAYS_SEARCH_USER_PATHS = NO;
				CLANG_ANALYZER_NONNULL = YES;
				CLANG_ANALYZER_NUMBER_OBJECT_CONVERSION = YES_AGGRESSIVE;
				CLANG_CXX_LANGUAGE_STANDARD = "gnu++17";
				CLANG_CXX_LIBRARY = "libc++";
				CLANG_ENABLE_MODULES = YES;
				CLANG_ENABLE_OBJC_ARC = YES;
				CLANG_ENABLE_OBJC_WEAK = YES;
				CLANG_WARN_BLOCK_CAPTURE_AUTORELEASING = YES;
				CLANG_WARN_BOOL_CONVERSION = YES;
				CLANG_WARN_COMMA = YES;
				CLANG_WARN_CONSTANT_CONVERSION = YES;
				CLANG_WARN_DEPRECATED_OBJC_IMPLEMENTATIONS = YES;
				CLANG_WARN_DIRECT_OBJC_ISA_USAGE = YES_ERROR;
				CLANG_WARN_DOCUMENTATION_COMMENTS = YES;
				CLANG_WARN_EMPTY_BODY = YES;
				CLANG_WARN_ENUM_CONVERSION = YES;
				CLANG_WARN_INFINITE_RECURSION = YES;
				CLANG_WARN_INT_CONVERSION = YES;
				CLANG_WARN_NON_LITERAL_NULL_CONVERSION = YES;
				CLANG_WARN_OBJC_IMPLICIT_RETAIN_SELF = YES;
				CLANG_WARN_OBJC_LITERAL_CONVERSION = YES;
				CLANG_WARN_OBJC_ROOT_CLASS = YES_ERROR;
				CLANG_WARN_QUOTED_INCLUDE_IN_FRAMEWORK_HEADER = YES;
				CLANG_WARN_RANGE_LOOP_ANALYSIS = YES;
				CLANG_WARN_STRICT_PROTOTYPES = YES;
				CLANG_WARN_SUSPICIOUS_MOVE = YES;
				CLANG_WARN_UNGUARDED_AVAILABILITY = YES_AGGRESSIVE;
				CLANG_WARN_UNREACHABLE_CODE = YES;
				CLANG_WARN__DUPLICATE_METHOD_MATCH = YES;
				COPY_PHASE_STRIP = NO;
				DEBUG_INFORMATION_FORMAT = dwarf;
				ENABLE_STRICT_OBJC_MSGSEND = YES;
				ENABLE_TESTABILITY = YES;
				GCC_C_LANGUAGE_STANDARD = gnu11;
				GCC_DYNAMIC_NO_PIC = NO;
				GCC_NO_COMMON_BLOCKS = YES;
				GCC_OPTIMIZATION_LEVEL = 0;
				GCC_PREPROCESSOR_DEFINITIONS = (
					"DEBUG=1",
					"$(inherited)",
				);
				GCC_WARN_64_TO_32_BIT_CONVERSION = YES;
				GCC_WARN_ABOUT_RETURN_TYPE = YES_ERROR;
				GCC_WARN_UNDECLARED_SELECTOR = YES;
				GCC_WARN_UNINITIALIZED_AUTOS = YES_AGGRESSIVE;
				GCC_WARN_UNUSED_FUNCTION = YES;
				GCC_WARN_UNUSED_VARIABLE = YES;
				IPHONEOS_DEPLOYMENT_TARGET = 15.2;
				MTL_ENABLE_DEBUG_INFO = INCLUDE_SOURCE;
				MTL_FAST_MATH = YES;
				ONLY_ACTIVE_ARCH = YES;
				SDKROOT = iphoneos;
				SWIFT_ACTIVE_COMPILATION_CONDITIONS = DEBUG;
				SWIFT_OPTIMIZATION_LEVEL = "-Onone";
			};
			name = Debug;
		};
		890CCA132796959D00D6185E /* Release */ = {
			isa = XCBuildConfiguration;
			buildSettings = {
				ALWAYS_SEARCH_USER_PATHS = NO;
				CLANG_ANALYZER_NONNULL = YES;
				CLANG_ANALYZER_NUMBER_OBJECT_CONVERSION = YES_AGGRESSIVE;
				CLANG_CXX_LANGUAGE_STANDARD = "gnu++17";
				CLANG_CXX_LIBRARY = "libc++";
				CLANG_ENABLE_MODULES = YES;
				CLANG_ENABLE_OBJC_ARC = YES;
				CLANG_ENABLE_OBJC_WEAK = YES;
				CLANG_WARN_BLOCK_CAPTURE_AUTORELEASING = YES;
				CLANG_WARN_BOOL_CONVERSION = YES;
				CLANG_WARN_COMMA = YES;
				CLANG_WARN_CONSTANT_CONVERSION = YES;
				CLANG_WARN_DEPRECATED_OBJC_IMPLEMENTATIONS = YES;
				CLANG_WARN_DIRECT_OBJC_ISA_USAGE = YES_ERROR;
				CLANG_WARN_DOCUMENTATION_COMMENTS = YES;
				CLANG_WARN_EMPTY_BODY = YES;
				CLANG_WARN_ENUM_CONVERSION = YES;
				CLANG_WARN_INFINITE_RECURSION = YES;
				CLANG_WARN_INT_CONVERSION = YES;
				CLANG_WARN_NON_LITERAL_NULL_CONVERSION = YES;
				CLANG_WARN_OBJC_IMPLICIT_RETAIN_SELF = YES;
				CLANG_WARN_OBJC_LITERAL_CONVERSION = YES;
				CLANG_WARN_OBJC_ROOT_CLASS = YES_ERROR;
				CLANG_WARN_QUOTED_INCLUDE_IN_FRAMEWORK_HEADER = YES;
				CLANG_WARN_RANGE_LOOP_ANALYSIS = YES;
				CLANG_WARN_STRICT_PROTOTYPES = YES;
				CLANG_WARN_SUSPICIOUS_MOVE = YES;
				CLANG_WARN_UNGUARDED_AVAILABILITY = YES_AGGRESSIVE;
				CLANG_WARN_UNREACHABLE_CODE = YES;
				CLANG_WARN__DUPLICATE_METHOD_MATCH = YES;
				COPY_PHASE_STRIP = NO;
				DEBUG_INFORMATION_FORMAT = "dwarf-with-dsym";
				ENABLE_NS_ASSERTIONS = NO;
				ENABLE_STRICT_OBJC_MSGSEND = YES;
				GCC_C_LANGUAGE_STANDARD = gnu11;
				GCC_NO_COMMON_BLOCKS = YES;
				GCC_WARN_64_TO_32_BIT_CONVERSION = YES;
				GCC_WARN_ABOUT_RETURN_TYPE = YES_ERROR;
				GCC_WARN_UNDECLARED_SELECTOR = YES;
				GCC_WARN_UNINITIALIZED_AUTOS = YES_AGGRESSIVE;
				GCC_WARN_UNUSED_FUNCTION = YES;
				GCC_WARN_UNUSED_VARIABLE = YES;
				IPHONEOS_DEPLOYMENT_TARGET = 15.2;
				MTL_ENABLE_DEBUG_INFO = NO;
				MTL_FAST_MATH = YES;
				SDKROOT = iphoneos;
				SWIFT_COMPILATION_MODE = wholemodule;
				SWIFT_OPTIMIZATION_LEVEL = "-O";
				VALIDATE_PRODUCT = YES;
			};
			name = Release;
		};
		890CCA152796959D00D6185E /* Debug */ = {
			isa = XCBuildConfiguration;
			buildSettings = {
				ASSETCATALOG_COMPILER_APPICON_NAME = AppIcon;
				ASSETCATALOG_COMPILER_GLOBAL_ACCENT_COLOR_NAME = AccentColor;
				CODE_SIGN_ENTITLEMENTS = FriendWithSameHobby/FriendWithSameHobby.entitlements;
				CODE_SIGN_IDENTITY = "Apple Development";
				CODE_SIGN_STYLE = Automatic;
				CURRENT_PROJECT_VERSION = 1;
				DEVELOPMENT_TEAM = 2EZ5QWFYX2;
				GENERATE_INFOPLIST_FILE = YES;
				INFOPLIST_FILE = FriendWithSameHobby/Info.plist;
				INFOPLIST_KEY_UIApplicationSupportsIndirectInputEvents = YES;
				INFOPLIST_KEY_UILaunchStoryboardName = LaunchScreen;
				INFOPLIST_KEY_UISupportedInterfaceOrientations = UIInterfaceOrientationPortrait;
				INFOPLIST_KEY_UISupportedInterfaceOrientations_iPad = "UIInterfaceOrientationPortrait UIInterfaceOrientationPortraitUpsideDown UIInterfaceOrientationLandscapeLeft UIInterfaceOrientationLandscapeRight";
				INFOPLIST_KEY_UISupportedInterfaceOrientations_iPhone = "UIInterfaceOrientationPortrait UIInterfaceOrientationLandscapeLeft UIInterfaceOrientationLandscapeRight";
				LD_RUNPATH_SEARCH_PATHS = (
					"$(inherited)",
					"@executable_path/Frameworks",
				);
				MARKETING_VERSION = 1.0;
				PRODUCT_BUNDLE_IDENTIFIER = com.memolease.sesac1;
				PRODUCT_NAME = "$(TARGET_NAME)";
				PROVISIONING_PROFILE_SPECIFIER = "";
				SWIFT_EMIT_LOC_STRINGS = YES;
				SWIFT_VERSION = 5.0;
				TARGETED_DEVICE_FAMILY = 1;
			};
			name = Debug;
		};
		890CCA162796959D00D6185E /* Release */ = {
			isa = XCBuildConfiguration;
			buildSettings = {
				ASSETCATALOG_COMPILER_APPICON_NAME = AppIcon;
				ASSETCATALOG_COMPILER_GLOBAL_ACCENT_COLOR_NAME = AccentColor;
				CODE_SIGN_ENTITLEMENTS = FriendWithSameHobby/FriendWithSameHobby.entitlements;
				CODE_SIGN_IDENTITY = "Apple Development";
				CODE_SIGN_STYLE = Automatic;
				CURRENT_PROJECT_VERSION = 1;
				DEVELOPMENT_TEAM = 2EZ5QWFYX2;
				GENERATE_INFOPLIST_FILE = YES;
				INFOPLIST_FILE = FriendWithSameHobby/Info.plist;
				INFOPLIST_KEY_UIApplicationSupportsIndirectInputEvents = YES;
				INFOPLIST_KEY_UILaunchStoryboardName = LaunchScreen;
				INFOPLIST_KEY_UISupportedInterfaceOrientations = UIInterfaceOrientationPortrait;
				INFOPLIST_KEY_UISupportedInterfaceOrientations_iPad = "UIInterfaceOrientationPortrait UIInterfaceOrientationPortraitUpsideDown UIInterfaceOrientationLandscapeLeft UIInterfaceOrientationLandscapeRight";
				INFOPLIST_KEY_UISupportedInterfaceOrientations_iPhone = "UIInterfaceOrientationPortrait UIInterfaceOrientationLandscapeLeft UIInterfaceOrientationLandscapeRight";
				LD_RUNPATH_SEARCH_PATHS = (
					"$(inherited)",
					"@executable_path/Frameworks",
				);
				MARKETING_VERSION = 1.0;
				PRODUCT_BUNDLE_IDENTIFIER = com.memolease.sesac1;
				PRODUCT_NAME = "$(TARGET_NAME)";
				PROVISIONING_PROFILE_SPECIFIER = "";
				SWIFT_EMIT_LOC_STRINGS = YES;
				SWIFT_VERSION = 5.0;
				TARGETED_DEVICE_FAMILY = 1;
			};
			name = Release;
		};
		890CCA182796959D00D6185E /* Debug */ = {
			isa = XCBuildConfiguration;
			buildSettings = {
				ALWAYS_EMBED_SWIFT_STANDARD_LIBRARIES = YES;
				BUNDLE_LOADER = "$(TEST_HOST)";
				CODE_SIGN_STYLE = Automatic;
				CURRENT_PROJECT_VERSION = 1;
				DEVELOPMENT_TEAM = 2EZ5QWFYX2;
				GENERATE_INFOPLIST_FILE = YES;
				IPHONEOS_DEPLOYMENT_TARGET = 15.2;
				MARKETING_VERSION = 1.0;
				PRODUCT_BUNDLE_IDENTIFIER = com.JDman.FriendWithSameHobbyTests;
				PRODUCT_NAME = "$(TARGET_NAME)";
				SWIFT_EMIT_LOC_STRINGS = NO;
				SWIFT_VERSION = 5.0;
				TARGETED_DEVICE_FAMILY = "1,2";
				TEST_HOST = "$(BUILT_PRODUCTS_DIR)/FriendWithSameHobby.app/FriendWithSameHobby";
			};
			name = Debug;
		};
		890CCA192796959D00D6185E /* Release */ = {
			isa = XCBuildConfiguration;
			buildSettings = {
				ALWAYS_EMBED_SWIFT_STANDARD_LIBRARIES = YES;
				BUNDLE_LOADER = "$(TEST_HOST)";
				CODE_SIGN_STYLE = Automatic;
				CURRENT_PROJECT_VERSION = 1;
				DEVELOPMENT_TEAM = 2EZ5QWFYX2;
				GENERATE_INFOPLIST_FILE = YES;
				IPHONEOS_DEPLOYMENT_TARGET = 15.2;
				MARKETING_VERSION = 1.0;
				PRODUCT_BUNDLE_IDENTIFIER = com.JDman.FriendWithSameHobbyTests;
				PRODUCT_NAME = "$(TARGET_NAME)";
				SWIFT_EMIT_LOC_STRINGS = NO;
				SWIFT_VERSION = 5.0;
				TARGETED_DEVICE_FAMILY = "1,2";
				TEST_HOST = "$(BUILT_PRODUCTS_DIR)/FriendWithSameHobby.app/FriendWithSameHobby";
			};
			name = Release;
		};
		890CCA1B2796959D00D6185E /* Debug */ = {
			isa = XCBuildConfiguration;
			buildSettings = {
				ALWAYS_EMBED_SWIFT_STANDARD_LIBRARIES = YES;
				CODE_SIGN_STYLE = Automatic;
				CURRENT_PROJECT_VERSION = 1;
				DEVELOPMENT_TEAM = 2EZ5QWFYX2;
				GENERATE_INFOPLIST_FILE = YES;
				MARKETING_VERSION = 1.0;
				PRODUCT_BUNDLE_IDENTIFIER = com.JDman.FriendWithSameHobbyUITests;
				PRODUCT_NAME = "$(TARGET_NAME)";
				SWIFT_EMIT_LOC_STRINGS = NO;
				SWIFT_VERSION = 5.0;
				TARGETED_DEVICE_FAMILY = "1,2";
				TEST_TARGET_NAME = FriendWithSameHobby;
			};
			name = Debug;
		};
		890CCA1C2796959D00D6185E /* Release */ = {
			isa = XCBuildConfiguration;
			buildSettings = {
				ALWAYS_EMBED_SWIFT_STANDARD_LIBRARIES = YES;
				CODE_SIGN_STYLE = Automatic;
				CURRENT_PROJECT_VERSION = 1;
				DEVELOPMENT_TEAM = 2EZ5QWFYX2;
				GENERATE_INFOPLIST_FILE = YES;
				MARKETING_VERSION = 1.0;
				PRODUCT_BUNDLE_IDENTIFIER = com.JDman.FriendWithSameHobbyUITests;
				PRODUCT_NAME = "$(TARGET_NAME)";
				SWIFT_EMIT_LOC_STRINGS = NO;
				SWIFT_VERSION = 5.0;
				TARGETED_DEVICE_FAMILY = "1,2";
				TEST_TARGET_NAME = FriendWithSameHobby;
			};
			name = Release;
		};
/* End XCBuildConfiguration section */

/* Begin XCConfigurationList section */
		890CC9E52796959C00D6185E /* Build configuration list for PBXProject "FriendWithSameHobby" */ = {
			isa = XCConfigurationList;
			buildConfigurations = (
				890CCA122796959D00D6185E /* Debug */,
				890CCA132796959D00D6185E /* Release */,
			);
			defaultConfigurationIsVisible = 0;
			defaultConfigurationName = Release;
		};
		890CCA142796959D00D6185E /* Build configuration list for PBXNativeTarget "FriendWithSameHobby" */ = {
			isa = XCConfigurationList;
			buildConfigurations = (
				890CCA152796959D00D6185E /* Debug */,
				890CCA162796959D00D6185E /* Release */,
			);
			defaultConfigurationIsVisible = 0;
			defaultConfigurationName = Release;
		};
		890CCA172796959D00D6185E /* Build configuration list for PBXNativeTarget "FriendWithSameHobbyTests" */ = {
			isa = XCConfigurationList;
			buildConfigurations = (
				890CCA182796959D00D6185E /* Debug */,
				890CCA192796959D00D6185E /* Release */,
			);
			defaultConfigurationIsVisible = 0;
			defaultConfigurationName = Release;
		};
		890CCA1A2796959D00D6185E /* Build configuration list for PBXNativeTarget "FriendWithSameHobbyUITests" */ = {
			isa = XCConfigurationList;
			buildConfigurations = (
				890CCA1B2796959D00D6185E /* Debug */,
				890CCA1C2796959D00D6185E /* Release */,
			);
			defaultConfigurationIsVisible = 0;
			defaultConfigurationName = Release;
		};
/* End XCConfigurationList section */

/* Begin XCRemoteSwiftPackageReference section */
		890CCA56279712E800D6185E /* XCRemoteSwiftPackageReference "SnapKit" */ = {
			isa = XCRemoteSwiftPackageReference;
			repositoryURL = "https://github.com/SnapKit/SnapKit";
			requirement = {
				kind = upToNextMajorVersion;
				minimumVersion = 5.0.0;
			};
		};
		890CCA59279712FC00D6185E /* XCRemoteSwiftPackageReference "RxSwift" */ = {
			isa = XCRemoteSwiftPackageReference;
			repositoryURL = "https://github.com/ReactiveX/RxSwift";
			requirement = {
				kind = upToNextMajorVersion;
				minimumVersion = 6.0.0;
			};
		};
		890CCA602797134F00D6185E /* XCRemoteSwiftPackageReference "RxKeyboard" */ = {
			isa = XCRemoteSwiftPackageReference;
			repositoryURL = "https://github.com/RxSwiftCommunity/RxKeyboard";
			requirement = {
				kind = upToNextMajorVersion;
				minimumVersion = 2.0.0;
			};
		};
		890CCA632797136000D6185E /* XCRemoteSwiftPackageReference "RxGesture" */ = {
			isa = XCRemoteSwiftPackageReference;
			repositoryURL = "https://github.com/RxSwiftCommunity/RxGesture";
			requirement = {
				kind = upToNextMajorVersion;
				minimumVersion = 4.0.0;
			};
		};
		890CCA6C2797210100D6185E /* XCRemoteSwiftPackageReference "Moya" */ = {
			isa = XCRemoteSwiftPackageReference;
			repositoryURL = "https://github.com/Moya/Moya";
			requirement = {
				kind = exactVersion;
				version = 15.0.0;
			};
		};
		890CCA712797211F00D6185E /* XCRemoteSwiftPackageReference "Then" */ = {
			isa = XCRemoteSwiftPackageReference;
			repositoryURL = "https://github.com/devxoul/Then";
			requirement = {
				kind = upToNextMajorVersion;
				minimumVersion = 2.0.0;
			};
		};
		890CCA742797214000D6185E /* XCRemoteSwiftPackageReference "Toast-Swift" */ = {
			isa = XCRemoteSwiftPackageReference;
			repositoryURL = "https://github.com/scalessec/Toast-Swift";
			requirement = {
				kind = upToNextMajorVersion;
				minimumVersion = 5.0.0;
			};
		};
		89E055A6279D7BCC00E86445 /* XCRemoteSwiftPackageReference "firebase-ios-sdk" */ = {
			isa = XCRemoteSwiftPackageReference;
			repositoryURL = "https://github.com/firebase/firebase-ios-sdk";
			requirement = {
				kind = upToNextMajorVersion;
				minimumVersion = 8.0.0;
			};
		};
/* End XCRemoteSwiftPackageReference section */

/* Begin XCSwiftPackageProductDependency section */
		890CCA57279712E800D6185E /* SnapKit */ = {
			isa = XCSwiftPackageProductDependency;
			package = 890CCA56279712E800D6185E /* XCRemoteSwiftPackageReference "SnapKit" */;
			productName = SnapKit;
		};
		890CCA5A279712FC00D6185E /* RxCocoa */ = {
			isa = XCSwiftPackageProductDependency;
			package = 890CCA59279712FC00D6185E /* XCRemoteSwiftPackageReference "RxSwift" */;
			productName = RxCocoa;
		};
		890CCA5C279712FC00D6185E /* RxRelay */ = {
			isa = XCSwiftPackageProductDependency;
			package = 890CCA59279712FC00D6185E /* XCRemoteSwiftPackageReference "RxSwift" */;
			productName = RxRelay;
		};
		890CCA5E279712FC00D6185E /* RxSwift */ = {
			isa = XCSwiftPackageProductDependency;
			package = 890CCA59279712FC00D6185E /* XCRemoteSwiftPackageReference "RxSwift" */;
			productName = RxSwift;
		};
		890CCA612797134F00D6185E /* RxKeyboard */ = {
			isa = XCSwiftPackageProductDependency;
			package = 890CCA602797134F00D6185E /* XCRemoteSwiftPackageReference "RxKeyboard" */;
			productName = RxKeyboard;
		};
		890CCA642797136000D6185E /* RxGesture */ = {
			isa = XCSwiftPackageProductDependency;
			package = 890CCA632797136000D6185E /* XCRemoteSwiftPackageReference "RxGesture" */;
			productName = RxGesture;
		};
		890CCA6D2797210100D6185E /* Moya */ = {
			isa = XCSwiftPackageProductDependency;
			package = 890CCA6C2797210100D6185E /* XCRemoteSwiftPackageReference "Moya" */;
			productName = Moya;
		};
		890CCA6F2797210100D6185E /* RxMoya */ = {
			isa = XCSwiftPackageProductDependency;
			package = 890CCA6C2797210100D6185E /* XCRemoteSwiftPackageReference "Moya" */;
			productName = RxMoya;
		};
		890CCA722797211F00D6185E /* Then */ = {
			isa = XCSwiftPackageProductDependency;
			package = 890CCA712797211F00D6185E /* XCRemoteSwiftPackageReference "Then" */;
			productName = Then;
		};
		890CCA752797214000D6185E /* Toast */ = {
			isa = XCSwiftPackageProductDependency;
			package = 890CCA742797214000D6185E /* XCRemoteSwiftPackageReference "Toast-Swift" */;
			productName = Toast;
		};
		89E055A7279D7BCC00E86445 /* FirebaseAuth */ = {
			isa = XCSwiftPackageProductDependency;
			package = 89E055A6279D7BCC00E86445 /* XCRemoteSwiftPackageReference "firebase-ios-sdk" */;
			productName = FirebaseAuth;
		};
		89E055A9279D7BCC00E86445 /* FirebaseMessaging */ = {
			isa = XCSwiftPackageProductDependency;
			package = 89E055A6279D7BCC00E86445 /* XCRemoteSwiftPackageReference "firebase-ios-sdk" */;
			productName = FirebaseMessaging;
		};
/* End XCSwiftPackageProductDependency section */
	};
	rootObject = 890CC9E22796959C00D6185E /* Project object */;
}
