// !$*UTF8*$!
{
	archiveVersion = 1;
	classes = {
	};
	objectVersion = 55;
	objects = {

/* Begin PBXBuildFile section */
		890CC9EE2796959C00D6185E /* AppDelegate.swift in Sources */ = {isa = PBXBuildFile; fileRef = 890CC9ED2796959C00D6185E /* AppDelegate.swift */; };
		890CC9F02796959C00D6185E /* SceneDelegate.swift in Sources */ = {isa = PBXBuildFile; fileRef = 890CC9EF2796959C00D6185E /* SceneDelegate.swift */; };
		890CC9F72796959D00D6185E /* Assets.xcassets in Resources */ = {isa = PBXBuildFile; fileRef = 890CC9F62796959D00D6185E /* Assets.xcassets */; };
		890CC9FA2796959D00D6185E /* LaunchScreen.storyboard in Resources */ = {isa = PBXBuildFile; fileRef = 890CC9F82796959D00D6185E /* LaunchScreen.storyboard */; };
		890CCA052796959D00D6185E /* FriendWithSameHobbyTests.swift in Sources */ = {isa = PBXBuildFile; fileRef = 890CCA042796959D00D6185E /* FriendWithSameHobbyTests.swift */; };
		890CCA0F2796959D00D6185E /* FriendWithSameHobbyUITests.swift in Sources */ = {isa = PBXBuildFile; fileRef = 890CCA0E2796959D00D6185E /* FriendWithSameHobbyUITests.swift */; };
		890CCA112796959D00D6185E /* FriendWithSameHobbyUITestsLaunchTests.swift in Sources */ = {isa = PBXBuildFile; fileRef = 890CCA102796959D00D6185E /* FriendWithSameHobbyUITestsLaunchTests.swift */; };
		890CCA222796986600D6185E /* PhoneAuthViewController.swift in Sources */ = {isa = PBXBuildFile; fileRef = 890CCA212796986600D6185E /* PhoneAuthViewController.swift */; };
		890CCA5127970DDC00D6185E /* GoogleService-Info.plist in Resources */ = {isa = PBXBuildFile; fileRef = 890CCA5027970DDC00D6185E /* GoogleService-Info.plist */; };
		890CCA55279712DA00D6185E /* Alamofire in Frameworks */ = {isa = PBXBuildFile; productRef = 890CCA54279712DA00D6185E /* Alamofire */; };
		890CCA58279712E800D6185E /* SnapKit in Frameworks */ = {isa = PBXBuildFile; productRef = 890CCA57279712E800D6185E /* SnapKit */; };
		890CCA5B279712FC00D6185E /* RxCocoa in Frameworks */ = {isa = PBXBuildFile; productRef = 890CCA5A279712FC00D6185E /* RxCocoa */; };
		890CCA5D279712FC00D6185E /* RxRelay in Frameworks */ = {isa = PBXBuildFile; productRef = 890CCA5C279712FC00D6185E /* RxRelay */; };
		890CCA5F279712FC00D6185E /* RxSwift in Frameworks */ = {isa = PBXBuildFile; productRef = 890CCA5E279712FC00D6185E /* RxSwift */; };
		890CCA622797134F00D6185E /* RxKeyboard in Frameworks */ = {isa = PBXBuildFile; productRef = 890CCA612797134F00D6185E /* RxKeyboard */; };
		890CCA652797136000D6185E /* RxGesture in Frameworks */ = {isa = PBXBuildFile; productRef = 890CCA642797136000D6185E /* RxGesture */; };
		890CCA682797179B00D6185E /* FirebaseAuth in Frameworks */ = {isa = PBXBuildFile; productRef = 890CCA672797179B00D6185E /* FirebaseAuth */; };
		890CCA6B2797188100D6185E /* .swiftlint.yml in Resources */ = {isa = PBXBuildFile; fileRef = 890CCA6A2797188100D6185E /* .swiftlint.yml */; };
/* End PBXBuildFile section */

/* Begin PBXContainerItemProxy section */
		890CCA012796959D00D6185E /* PBXContainerItemProxy */ = {
			isa = PBXContainerItemProxy;
			containerPortal = 890CC9E22796959C00D6185E /* Project object */;
			proxyType = 1;
			remoteGlobalIDString = 890CC9E92796959C00D6185E;
			remoteInfo = FriendWithSameHobby;
		};
		890CCA0B2796959D00D6185E /* PBXContainerItemProxy */ = {
			isa = PBXContainerItemProxy;
			containerPortal = 890CC9E22796959C00D6185E /* Project object */;
			proxyType = 1;
			remoteGlobalIDString = 890CC9E92796959C00D6185E;
			remoteInfo = FriendWithSameHobby;
		};
/* End PBXContainerItemProxy section */

/* Begin PBXFileReference section */
		890CC9EA2796959C00D6185E /* FriendWithSameHobby.app */ = {isa = PBXFileReference; explicitFileType = wrapper.application; includeInIndex = 0; path = FriendWithSameHobby.app; sourceTree = BUILT_PRODUCTS_DIR; };
		890CC9ED2796959C00D6185E /* AppDelegate.swift */ = {isa = PBXFileReference; lastKnownFileType = sourcecode.swift; path = AppDelegate.swift; sourceTree = "<group>"; };
		890CC9EF2796959C00D6185E /* SceneDelegate.swift */ = {isa = PBXFileReference; lastKnownFileType = sourcecode.swift; path = SceneDelegate.swift; sourceTree = "<group>"; };
		890CC9F62796959D00D6185E /* Assets.xcassets */ = {isa = PBXFileReference; lastKnownFileType = folder.assetcatalog; path = Assets.xcassets; sourceTree = "<group>"; };
		890CC9F92796959D00D6185E /* Base */ = {isa = PBXFileReference; lastKnownFileType = file.storyboard; name = Base; path = Base.lproj/LaunchScreen.storyboard; sourceTree = "<group>"; };
		890CC9FB2796959D00D6185E /* Info.plist */ = {isa = PBXFileReference; lastKnownFileType = text.plist.xml; path = Info.plist; sourceTree = "<group>"; };
		890CCA002796959D00D6185E /* FriendWithSameHobbyTests.xctest */ = {isa = PBXFileReference; explicitFileType = wrapper.cfbundle; includeInIndex = 0; path = FriendWithSameHobbyTests.xctest; sourceTree = BUILT_PRODUCTS_DIR; };
		890CCA042796959D00D6185E /* FriendWithSameHobbyTests.swift */ = {isa = PBXFileReference; lastKnownFileType = sourcecode.swift; path = FriendWithSameHobbyTests.swift; sourceTree = "<group>"; };
		890CCA0A2796959D00D6185E /* FriendWithSameHobbyUITests.xctest */ = {isa = PBXFileReference; explicitFileType = wrapper.cfbundle; includeInIndex = 0; path = FriendWithSameHobbyUITests.xctest; sourceTree = BUILT_PRODUCTS_DIR; };
		890CCA0E2796959D00D6185E /* FriendWithSameHobbyUITests.swift */ = {isa = PBXFileReference; lastKnownFileType = sourcecode.swift; path = FriendWithSameHobbyUITests.swift; sourceTree = "<group>"; };
		890CCA102796959D00D6185E /* FriendWithSameHobbyUITestsLaunchTests.swift */ = {isa = PBXFileReference; lastKnownFileType = sourcecode.swift; path = FriendWithSameHobbyUITestsLaunchTests.swift; sourceTree = "<group>"; };
		890CCA212796986600D6185E /* PhoneAuthViewController.swift */ = {isa = PBXFileReference; lastKnownFileType = sourcecode.swift; path = PhoneAuthViewController.swift; sourceTree = "<group>"; };
		890CCA5027970DDC00D6185E /* GoogleService-Info.plist */ = {isa = PBXFileReference; fileEncoding = 4; lastKnownFileType = text.plist.xml; path = "GoogleService-Info.plist"; sourceTree = "<group>"; };
		890CCA69279717C600D6185E /* FriendWithSameHobby.entitlements */ = {isa = PBXFileReference; lastKnownFileType = text.plist.entitlements; path = FriendWithSameHobby.entitlements; sourceTree = "<group>"; };
		890CCA6A2797188100D6185E /* .swiftlint.yml */ = {isa = PBXFileReference; lastKnownFileType = text.yaml; path = .swiftlint.yml; sourceTree = "<group>"; };
/* End PBXFileReference section */

/* Begin PBXFrameworksBuildPhase section */
		890CC9E72796959C00D6185E /* Frameworks */ = {
			isa = PBXFrameworksBuildPhase;
			buildActionMask = 2147483647;
			files = (
				890CCA5B279712FC00D6185E /* RxCocoa in Frameworks */,
				890CCA622797134F00D6185E /* RxKeyboard in Frameworks */,
				890CCA55279712DA00D6185E /* Alamofire in Frameworks */,
				890CCA5F279712FC00D6185E /* RxSwift in Frameworks */,
				890CCA5D279712FC00D6185E /* RxRelay in Frameworks */,
				890CCA58279712E800D6185E /* SnapKit in Frameworks */,
				890CCA652797136000D6185E /* RxGesture in Frameworks */,
				890CCA682797179B00D6185E /* FirebaseAuth in Frameworks */,
			);
			runOnlyForDeploymentPostprocessing = 0;
		};
		890CC9FD2796959D00D6185E /* Frameworks */ = {
			isa = PBXFrameworksBuildPhase;
			buildActionMask = 2147483647;
			files = (
			);
			runOnlyForDeploymentPostprocessing = 0;
		};
		890CCA072796959D00D6185E /* Frameworks */ = {
			isa = PBXFrameworksBuildPhase;
			buildActionMask = 2147483647;
			files = (
			);
			runOnlyForDeploymentPostprocessing = 0;
		};
/* End PBXFrameworksBuildPhase section */

/* Begin PBXGroup section */
		890CC9E12796959C00D6185E = {
			isa = PBXGroup;
			children = (
				890CCA6A2797188100D6185E /* .swiftlint.yml */,
				890CC9EC2796959C00D6185E /* FriendWithSameHobby */,
				890CCA032796959D00D6185E /* FriendWithSameHobbyTests */,
				890CCA0D2796959D00D6185E /* FriendWithSameHobbyUITests */,
				890CC9EB2796959C00D6185E /* Products */,
			);
			sourceTree = "<group>";
		};
		890CC9EB2796959C00D6185E /* Products */ = {
			isa = PBXGroup;
			children = (
				890CC9EA2796959C00D6185E /* FriendWithSameHobby.app */,
				890CCA002796959D00D6185E /* FriendWithSameHobbyTests.xctest */,
				890CCA0A2796959D00D6185E /* FriendWithSameHobbyUITests.xctest */,
			);
			name = Products;
			sourceTree = "<group>";
		};
		890CC9EC2796959C00D6185E /* FriendWithSameHobby */ = {
			isa = PBXGroup;
			children = (
				890CCA69279717C600D6185E /* FriendWithSameHobby.entitlements */,
				890CCA202796984C00D6185E /* ViewModels */,
				890CCA1F2796984300D6185E /* Models */,
				890CCA1E2796983D00D6185E /* Views */,
				890CCA1D279697B300D6185E /* Resources */,
				890CC9FB2796959D00D6185E /* Info.plist */,
				890CCA5027970DDC00D6185E /* GoogleService-Info.plist */,
			);
			path = FriendWithSameHobby;
			sourceTree = "<group>";
		};
		890CCA032796959D00D6185E /* FriendWithSameHobbyTests */ = {
			isa = PBXGroup;
			children = (
				890CCA042796959D00D6185E /* FriendWithSameHobbyTests.swift */,
			);
			path = FriendWithSameHobbyTests;
			sourceTree = "<group>";
		};
		890CCA0D2796959D00D6185E /* FriendWithSameHobbyUITests */ = {
			isa = PBXGroup;
			children = (
				890CCA0E2796959D00D6185E /* FriendWithSameHobbyUITests.swift */,
				890CCA102796959D00D6185E /* FriendWithSameHobbyUITestsLaunchTests.swift */,
			);
			path = FriendWithSameHobbyUITests;
			sourceTree = "<group>";
		};
		890CCA1D279697B300D6185E /* Resources */ = {
			isa = PBXGroup;
			children = (
				890CC9ED2796959C00D6185E /* AppDelegate.swift */,
				890CC9EF2796959C00D6185E /* SceneDelegate.swift */,
				890CC9F62796959D00D6185E /* Assets.xcassets */,
				890CC9F82796959D00D6185E /* LaunchScreen.storyboard */,
			);
			path = Resources;
			sourceTree = "<group>";
		};
		890CCA1E2796983D00D6185E /* Views */ = {
			isa = PBXGroup;
			children = (
				890CCA212796986600D6185E /* PhoneAuthViewController.swift */,
			);
			path = Views;
			sourceTree = "<group>";
		};
		890CCA1F2796984300D6185E /* Models */ = {
			isa = PBXGroup;
			children = (
			);
			path = Models;
			sourceTree = "<group>";
		};
		890CCA202796984C00D6185E /* ViewModels */ = {
			isa = PBXGroup;
			children = (
			);
			path = ViewModels;
			sourceTree = "<group>";
		};
/* End PBXGroup section */

/* Begin PBXNativeTarget section */
		890CC9E92796959C00D6185E /* FriendWithSameHobby */ = {
			isa = PBXNativeTarget;
			buildConfigurationList = 890CCA142796959D00D6185E /* Build configuration list for PBXNativeTarget "FriendWithSameHobby" */;
			buildPhases = (
				890CCA52279710EA00D6185E /* SwiftLint Script */,
				890CC9E62796959C00D6185E /* Sources */,
				890CC9E72796959C00D6185E /* Frameworks */,
				890CC9E82796959C00D6185E /* Resources */,
			);
			buildRules = (
			);
			dependencies = (
			);
			name = FriendWithSameHobby;
			packageProductDependencies = (
				890CCA54279712DA00D6185E /* Alamofire */,
				890CCA57279712E800D6185E /* SnapKit */,
				890CCA5A279712FC00D6185E /* RxCocoa */,
				890CCA5C279712FC00D6185E /* RxRelay */,
				890CCA5E279712FC00D6185E /* RxSwift */,
				890CCA612797134F00D6185E /* RxKeyboard */,
				890CCA642797136000D6185E /* RxGesture */,
				890CCA672797179B00D6185E /* FirebaseAuth */,
			);
			productName = FriendWithSameHobby;
			productReference = 890CC9EA2796959C00D6185E /* FriendWithSameHobby.app */;
			productType = "com.apple.product-type.application";
		};
		890CC9FF2796959D00D6185E /* FriendWithSameHobbyTests */ = {
			isa = PBXNativeTarget;
			buildConfigurationList = 890CCA172796959D00D6185E /* Build configuration list for PBXNativeTarget "FriendWithSameHobbyTests" */;
			buildPhases = (
				890CC9FC2796959D00D6185E /* Sources */,
				890CC9FD2796959D00D6185E /* Frameworks */,
				890CC9FE2796959D00D6185E /* Resources */,
			);
			buildRules = (
			);
			dependencies = (
				890CCA022796959D00D6185E /* PBXTargetDependency */,
			);
			name = FriendWithSameHobbyTests;
			productName = FriendWithSameHobbyTests;
			productReference = 890CCA002796959D00D6185E /* FriendWithSameHobbyTests.xctest */;
			productType = "com.apple.product-type.bundle.unit-test";
		};
		890CCA092796959D00D6185E /* FriendWithSameHobbyUITests */ = {
			isa = PBXNativeTarget;
			buildConfigurationList = 890CCA1A2796959D00D6185E /* Build configuration list for PBXNativeTarget "FriendWithSameHobbyUITests" */;
			buildPhases = (
				890CCA062796959D00D6185E /* Sources */,
				890CCA072796959D00D6185E /* Frameworks */,
				890CCA082796959D00D6185E /* Resources */,
			);
			buildRules = (
			);
			dependencies = (
				890CCA0C2796959D00D6185E /* PBXTargetDependency */,
			);
			name = FriendWithSameHobbyUITests;
			productName = FriendWithSameHobbyUITests;
			productReference = 890CCA0A2796959D00D6185E /* FriendWithSameHobbyUITests.xctest */;
			productType = "com.apple.product-type.bundle.ui-testing";
		};
/* End PBXNativeTarget section */

/* Begin PBXProject section */
		890CC9E22796959C00D6185E /* Project object */ = {
			isa = PBXProject;
			attributes = {
				BuildIndependentTargetsInParallel = 1;
				LastSwiftUpdateCheck = 1320;
				LastUpgradeCheck = 1320;
				TargetAttributes = {
					890CC9E92796959C00D6185E = {
						CreatedOnToolsVersion = 13.2.1;
					};
					890CC9FF2796959D00D6185E = {
						CreatedOnToolsVersion = 13.2.1;
						TestTargetID = 890CC9E92796959C00D6185E;
					};
					890CCA092796959D00D6185E = {
						CreatedOnToolsVersion = 13.2.1;
						TestTargetID = 890CC9E92796959C00D6185E;
					};
				};
			};
			buildConfigurationList = 890CC9E52796959C00D6185E /* Build configuration list for PBXProject "FriendWithSameHobby" */;
			compatibilityVersion = "Xcode 13.0";
			developmentRegion = en;
			hasScannedForEncodings = 0;
			knownRegions = (
				en,
				Base,
			);
			mainGroup = 890CC9E12796959C00D6185E;
			packageReferences = (
				890CCA53279712DA00D6185E /* XCRemoteSwiftPackageReference "Alamofire" */,
				890CCA56279712E800D6185E /* XCRemoteSwiftPackageReference "SnapKit" */,
				890CCA59279712FC00D6185E /* XCRemoteSwiftPackageReference "RxSwift" */,
				890CCA602797134F00D6185E /* XCRemoteSwiftPackageReference "RxKeyboard" */,
				890CCA632797136000D6185E /* XCRemoteSwiftPackageReference "RxGesture" */,
				890CCA662797179B00D6185E /* XCRemoteSwiftPackageReference "firebase-ios-sdk" */,
			);
			productRefGroup = 890CC9EB2796959C00D6185E /* Products */;
			projectDirPath = "";
			projectRoot = "";
			targets = (
				890CC9E92796959C00D6185E /* FriendWithSameHobby */,
				890CC9FF2796959D00D6185E /* FriendWithSameHobbyTests */,
				890CCA092796959D00D6185E /* FriendWithSameHobbyUITests */,
			);
		};
/* End PBXProject section */

/* Begin PBXResourcesBuildPhase section */
		890CC9E82796959C00D6185E /* Resources */ = {
			isa = PBXResourcesBuildPhase;
			buildActionMask = 2147483647;
			files = (
				890CCA6B2797188100D6185E /* .swiftlint.yml in Resources */,
				890CC9FA2796959D00D6185E /* LaunchScreen.storyboard in Resources */,
				890CC9F72796959D00D6185E /* Assets.xcassets in Resources */,
				890CCA5127970DDC00D6185E /* GoogleService-Info.plist in Resources */,
			);
			runOnlyForDeploymentPostprocessing = 0;
		};
		890CC9FE2796959D00D6185E /* Resources */ = {
			isa = PBXResourcesBuildPhase;
			buildActionMask = 2147483647;
			files = (
			);
			runOnlyForDeploymentPostprocessing = 0;
		};
		890CCA082796959D00D6185E /* Resources */ = {
			isa = PBXResourcesBuildPhase;
			buildActionMask = 2147483647;
			files = (
			);
			runOnlyForDeploymentPostprocessing = 0;
		};
/* End PBXResourcesBuildPhase section */

/* Begin PBXShellScriptBuildPhase section */
		890CCA52279710EA00D6185E /* SwiftLint Script */ = {
			isa = PBXShellScriptBuildPhase;
			buildActionMask = 2147483647;
			files = (
			);
			inputFileListPaths = (
			);
			inputPaths = (
			);
			name = "SwiftLint Script";
			outputFileListPaths = (
			);
			outputPaths = (
			);
			runOnlyForDeploymentPostprocessing = 0;
			shellPath = /bin/sh;
			shellScript = "export PATH=\"$PATH:/opt/homebrew/bin\"\n\nif which swiftlint; then\n  swiftlint\nelse\n  echo \"warning: SwiftLint not installed, download from https://github.com/realm/SwiftLint\"\nfi\n";
		};
/* End PBXShellScriptBuildPhase section */

/* Begin PBXSourcesBuildPhase section */
		890CC9E62796959C00D6185E /* Sources */ = {
			isa = PBXSourcesBuildPhase;
			buildActionMask = 2147483647;
			files = (
				890CC9EE2796959C00D6185E /* AppDelegate.swift in Sources */,
				890CC9F02796959C00D6185E /* SceneDelegate.swift in Sources */,
				890CCA222796986600D6185E /* PhoneAuthViewController.swift in Sources */,
			);
			runOnlyForDeploymentPostprocessing = 0;
		};
		890CC9FC2796959D00D6185E /* Sources */ = {
			isa = PBXSourcesBuildPhase;
			buildActionMask = 2147483647;
			files = (
				890CCA052796959D00D6185E /* FriendWithSameHobbyTests.swift in Sources */,
			);
			runOnlyForDeploymentPostprocessing = 0;
		};
		890CCA062796959D00D6185E /* Sources */ = {
			isa = PBXSourcesBuildPhase;
			buildActionMask = 2147483647;
			files = (
				890CCA0F2796959D00D6185E /* FriendWithSameHobbyUITests.swift in Sources */,
				890CCA112796959D00D6185E /* FriendWithSameHobbyUITestsLaunchTests.swift in Sources */,
			);
			runOnlyForDeploymentPostprocessing = 0;
		};
/* End PBXSourcesBuildPhase section */

/* Begin PBXTargetDependency section */
		890CCA022796959D00D6185E /* PBXTargetDependency */ = {
			isa = PBXTargetDependency;
			target = 890CC9E92796959C00D6185E /* FriendWithSameHobby */;
			targetProxy = 890CCA012796959D00D6185E /* PBXContainerItemProxy */;
		};
		890CCA0C2796959D00D6185E /* PBXTargetDependency */ = {
			isa = PBXTargetDependency;
			target = 890CC9E92796959C00D6185E /* FriendWithSameHobby */;
			targetProxy = 890CCA0B2796959D00D6185E /* PBXContainerItemProxy */;
		};
/* End PBXTargetDependency section */

/* Begin PBXVariantGroup section */
		890CC9F82796959D00D6185E /* LaunchScreen.storyboard */ = {
			isa = PBXVariantGroup;
			children = (
				890CC9F92796959D00D6185E /* Base */,
			);
			name = LaunchScreen.storyboard;
			sourceTree = "<group>";
		};
/* End PBXVariantGroup section */

/* Begin XCBuildConfiguration section */
		890CCA122796959D00D6185E /* Debug */ = {
			isa = XCBuildConfiguration;
			buildSettings = {
				ALWAYS_SEARCH_USER_PATHS = NO;
				CLANG_ANALYZER_NONNULL = YES;
				CLANG_ANALYZER_NUMBER_OBJECT_CONVERSION = YES_AGGRESSIVE;
				CLANG_CXX_LANGUAGE_STANDARD = "gnu++17";
				CLANG_CXX_LIBRARY = "libc++";
				CLANG_ENABLE_MODULES = YES;
				CLANG_ENABLE_OBJC_ARC = YES;
				CLANG_ENABLE_OBJC_WEAK = YES;
				CLANG_WARN_BLOCK_CAPTURE_AUTORELEASING = YES;
				CLANG_WARN_BOOL_CONVERSION = YES;
				CLANG_WARN_COMMA = YES;
				CLANG_WARN_CONSTANT_CONVERSION = YES;
				CLANG_WARN_DEPRECATED_OBJC_IMPLEMENTATIONS = YES;
				CLANG_WARN_DIRECT_OBJC_ISA_USAGE = YES_ERROR;
				CLANG_WARN_DOCUMENTATION_COMMENTS = YES;
				CLANG_WARN_EMPTY_BODY = YES;
				CLANG_WARN_ENUM_CONVERSION = YES;
				CLANG_WARN_INFINITE_RECURSION = YES;
				CLANG_WARN_INT_CONVERSION = YES;
				CLANG_WARN_NON_LITERAL_NULL_CONVERSION = YES;
				CLANG_WARN_OBJC_IMPLICIT_RETAIN_SELF = YES;
				CLANG_WARN_OBJC_LITERAL_CONVERSION = YES;
				CLANG_WARN_OBJC_ROOT_CLASS = YES_ERROR;
				CLANG_WARN_QUOTED_INCLUDE_IN_FRAMEWORK_HEADER = YES;
				CLANG_WARN_RANGE_LOOP_ANALYSIS = YES;
				CLANG_WARN_STRICT_PROTOTYPES = YES;
				CLANG_WARN_SUSPICIOUS_MOVE = YES;
				CLANG_WARN_UNGUARDED_AVAILABILITY = YES_AGGRESSIVE;
				CLANG_WARN_UNREACHABLE_CODE = YES;
				CLANG_WARN__DUPLICATE_METHOD_MATCH = YES;
				COPY_PHASE_STRIP = NO;
				DEBUG_INFORMATION_FORMAT = dwarf;
				ENABLE_STRICT_OBJC_MSGSEND = YES;
				ENABLE_TESTABILITY = YES;
				GCC_C_LANGUAGE_STANDARD = gnu11;
				GCC_DYNAMIC_NO_PIC = NO;
				GCC_NO_COMMON_BLOCKS = YES;
				GCC_OPTIMIZATION_LEVEL = 0;
				GCC_PREPROCESSOR_DEFINITIONS = (
					"DEBUG=1",
					"$(inherited)",
				);
				GCC_WARN_64_TO_32_BIT_CONVERSION = YES;
				GCC_WARN_ABOUT_RETURN_TYPE = YES_ERROR;
				GCC_WARN_UNDECLARED_SELECTOR = YES;
				GCC_WARN_UNINITIALIZED_AUTOS = YES_AGGRESSIVE;
				GCC_WARN_UNUSED_FUNCTION = YES;
				GCC_WARN_UNUSED_VARIABLE = YES;
				IPHONEOS_DEPLOYMENT_TARGET = 15.2;
				MTL_ENABLE_DEBUG_INFO = INCLUDE_SOURCE;
				MTL_FAST_MATH = YES;
				ONLY_ACTIVE_ARCH = YES;
				SDKROOT = iphoneos;
				SWIFT_ACTIVE_COMPILATION_CONDITIONS = DEBUG;
				SWIFT_OPTIMIZATION_LEVEL = "-Onone";
			};
			name = Debug;
		};
		890CCA132796959D00D6185E /* Release */ = {
			isa = XCBuildConfiguration;
			buildSettings = {
				ALWAYS_SEARCH_USER_PATHS = NO;
				CLANG_ANALYZER_NONNULL = YES;
				CLANG_ANALYZER_NUMBER_OBJECT_CONVERSION = YES_AGGRESSIVE;
				CLANG_CXX_LANGUAGE_STANDARD = "gnu++17";
				CLANG_CXX_LIBRARY = "libc++";
				CLANG_ENABLE_MODULES = YES;
				CLANG_ENABLE_OBJC_ARC = YES;
				CLANG_ENABLE_OBJC_WEAK = YES;
				CLANG_WARN_BLOCK_CAPTURE_AUTORELEASING = YES;
				CLANG_WARN_BOOL_CONVERSION = YES;
				CLANG_WARN_COMMA = YES;
				CLANG_WARN_CONSTANT_CONVERSION = YES;
				CLANG_WARN_DEPRECATED_OBJC_IMPLEMENTATIONS = YES;
				CLANG_WARN_DIRECT_OBJC_ISA_USAGE = YES_ERROR;
				CLANG_WARN_DOCUMENTATION_COMMENTS = YES;
				CLANG_WARN_EMPTY_BODY = YES;
				CLANG_WARN_ENUM_CONVERSION = YES;
				CLANG_WARN_INFINITE_RECURSION = YES;
				CLANG_WARN_INT_CONVERSION = YES;
				CLANG_WARN_NON_LITERAL_NULL_CONVERSION = YES;
				CLANG_WARN_OBJC_IMPLICIT_RETAIN_SELF = YES;
				CLANG_WARN_OBJC_LITERAL_CONVERSION = YES;
				CLANG_WARN_OBJC_ROOT_CLASS = YES_ERROR;
				CLANG_WARN_QUOTED_INCLUDE_IN_FRAMEWORK_HEADER = YES;
				CLANG_WARN_RANGE_LOOP_ANALYSIS = YES;
				CLANG_WARN_STRICT_PROTOTYPES = YES;
				CLANG_WARN_SUSPICIOUS_MOVE = YES;
				CLANG_WARN_UNGUARDED_AVAILABILITY = YES_AGGRESSIVE;
				CLANG_WARN_UNREACHABLE_CODE = YES;
				CLANG_WARN__DUPLICATE_METHOD_MATCH = YES;
				COPY_PHASE_STRIP = NO;
				DEBUG_INFORMATION_FORMAT = "dwarf-with-dsym";
				ENABLE_NS_ASSERTIONS = NO;
				ENABLE_STRICT_OBJC_MSGSEND = YES;
				GCC_C_LANGUAGE_STANDARD = gnu11;
				GCC_NO_COMMON_BLOCKS = YES;
				GCC_WARN_64_TO_32_BIT_CONVERSION = YES;
				GCC_WARN_ABOUT_RETURN_TYPE = YES_ERROR;
				GCC_WARN_UNDECLARED_SELECTOR = YES;
				GCC_WARN_UNINITIALIZED_AUTOS = YES_AGGRESSIVE;
				GCC_WARN_UNUSED_FUNCTION = YES;
				GCC_WARN_UNUSED_VARIABLE = YES;
				IPHONEOS_DEPLOYMENT_TARGET = 15.2;
				MTL_ENABLE_DEBUG_INFO = NO;
				MTL_FAST_MATH = YES;
				SDKROOT = iphoneos;
				SWIFT_COMPILATION_MODE = wholemodule;
				SWIFT_OPTIMIZATION_LEVEL = "-O";
				VALIDATE_PRODUCT = YES;
			};
			name = Release;
		};
		890CCA152796959D00D6185E /* Debug */ = {
			isa = XCBuildConfiguration;
			buildSettings = {
				ASSETCATALOG_COMPILER_APPICON_NAME = AppIcon;
				ASSETCATALOG_COMPILER_GLOBAL_ACCENT_COLOR_NAME = AccentColor;
				CODE_SIGN_ENTITLEMENTS = FriendWithSameHobby/FriendWithSameHobby.entitlements;
				CODE_SIGN_IDENTITY = "Apple Development";
				CODE_SIGN_STYLE = Automatic;
				CURRENT_PROJECT_VERSION = 1;
				DEVELOPMENT_TEAM = 2EZ5QWFYX2;
				GENERATE_INFOPLIST_FILE = YES;
				INFOPLIST_FILE = FriendWithSameHobby/Info.plist;
				INFOPLIST_KEY_UIApplicationSupportsIndirectInputEvents = YES;
				INFOPLIST_KEY_UILaunchStoryboardName = LaunchScreen;
				INFOPLIST_KEY_UISupportedInterfaceOrientations = UIInterfaceOrientationPortrait;
				INFOPLIST_KEY_UISupportedInterfaceOrientations_iPad = "UIInterfaceOrientationPortrait UIInterfaceOrientationPortraitUpsideDown UIInterfaceOrientationLandscapeLeft UIInterfaceOrientationLandscapeRight";
				INFOPLIST_KEY_UISupportedInterfaceOrientations_iPhone = "UIInterfaceOrientationPortrait UIInterfaceOrientationLandscapeLeft UIInterfaceOrientationLandscapeRight";
				LD_RUNPATH_SEARCH_PATHS = (
					"$(inherited)",
					"@executable_path/Frameworks",
				);
				MARKETING_VERSION = 1.0;
				PRODUCT_BUNDLE_IDENTIFIER = com.memolease.sesac1;
				PRODUCT_NAME = "$(TARGET_NAME)";
				PROVISIONING_PROFILE_SPECIFIER = "";
				SWIFT_EMIT_LOC_STRINGS = YES;
				SWIFT_VERSION = 5.0;
				TARGETED_DEVICE_FAMILY = 1;
			};
			name = Debug;
		};
		890CCA162796959D00D6185E /* Release */ = {
			isa = XCBuildConfiguration;
			buildSettings = {
				ASSETCATALOG_COMPILER_APPICON_NAME = AppIcon;
				ASSETCATALOG_COMPILER_GLOBAL_ACCENT_COLOR_NAME = AccentColor;
				CODE_SIGN_ENTITLEMENTS = FriendWithSameHobby/FriendWithSameHobby.entitlements;
				CODE_SIGN_IDENTITY = "Apple Development";
				CODE_SIGN_STYLE = Automatic;
				CURRENT_PROJECT_VERSION = 1;
				DEVELOPMENT_TEAM = 2EZ5QWFYX2;
				GENERATE_INFOPLIST_FILE = YES;
				INFOPLIST_FILE = FriendWithSameHobby/Info.plist;
				INFOPLIST_KEY_UIApplicationSupportsIndirectInputEvents = YES;
				INFOPLIST_KEY_UILaunchStoryboardName = LaunchScreen;
				INFOPLIST_KEY_UISupportedInterfaceOrientations = UIInterfaceOrientationPortrait;
				INFOPLIST_KEY_UISupportedInterfaceOrientations_iPad = "UIInterfaceOrientationPortrait UIInterfaceOrientationPortraitUpsideDown UIInterfaceOrientationLandscapeLeft UIInterfaceOrientationLandscapeRight";
				INFOPLIST_KEY_UISupportedInterfaceOrientations_iPhone = "UIInterfaceOrientationPortrait UIInterfaceOrientationLandscapeLeft UIInterfaceOrientationLandscapeRight";
				LD_RUNPATH_SEARCH_PATHS = (
					"$(inherited)",
					"@executable_path/Frameworks",
				);
				MARKETING_VERSION = 1.0;
				PRODUCT_BUNDLE_IDENTIFIER = com.memolease.sesac1;
				PRODUCT_NAME = "$(TARGET_NAME)";
				PROVISIONING_PROFILE_SPECIFIER = "";
				SWIFT_EMIT_LOC_STRINGS = YES;
				SWIFT_VERSION = 5.0;
				TARGETED_DEVICE_FAMILY = 1;
			};
			name = Release;
		};
		890CCA182796959D00D6185E /* Debug */ = {
			isa = XCBuildConfiguration;
			buildSettings = {
				ALWAYS_EMBED_SWIFT_STANDARD_LIBRARIES = YES;
				BUNDLE_LOADER = "$(TEST_HOST)";
				CODE_SIGN_STYLE = Automatic;
				CURRENT_PROJECT_VERSION = 1;
				DEVELOPMENT_TEAM = 2EZ5QWFYX2;
				GENERATE_INFOPLIST_FILE = YES;
				IPHONEOS_DEPLOYMENT_TARGET = 15.2;
				MARKETING_VERSION = 1.0;
				PRODUCT_BUNDLE_IDENTIFIER = com.JDman.FriendWithSameHobbyTests;
				PRODUCT_NAME = "$(TARGET_NAME)";
				SWIFT_EMIT_LOC_STRINGS = NO;
				SWIFT_VERSION = 5.0;
				TARGETED_DEVICE_FAMILY = "1,2";
				TEST_HOST = "$(BUILT_PRODUCTS_DIR)/FriendWithSameHobby.app/FriendWithSameHobby";
			};
			name = Debug;
		};
		890CCA192796959D00D6185E /* Release */ = {
			isa = XCBuildConfiguration;
			buildSettings = {
				ALWAYS_EMBED_SWIFT_STANDARD_LIBRARIES = YES;
				BUNDLE_LOADER = "$(TEST_HOST)";
				CODE_SIGN_STYLE = Automatic;
				CURRENT_PROJECT_VERSION = 1;
				DEVELOPMENT_TEAM = 2EZ5QWFYX2;
				GENERATE_INFOPLIST_FILE = YES;
				IPHONEOS_DEPLOYMENT_TARGET = 15.2;
				MARKETING_VERSION = 1.0;
				PRODUCT_BUNDLE_IDENTIFIER = com.JDman.FriendWithSameHobbyTests;
				PRODUCT_NAME = "$(TARGET_NAME)";
				SWIFT_EMIT_LOC_STRINGS = NO;
				SWIFT_VERSION = 5.0;
				TARGETED_DEVICE_FAMILY = "1,2";
				TEST_HOST = "$(BUILT_PRODUCTS_DIR)/FriendWithSameHobby.app/FriendWithSameHobby";
			};
			name = Release;
		};
		890CCA1B2796959D00D6185E /* Debug */ = {
			isa = XCBuildConfiguration;
			buildSettings = {
				ALWAYS_EMBED_SWIFT_STANDARD_LIBRARIES = YES;
				CODE_SIGN_STYLE = Automatic;
				CURRENT_PROJECT_VERSION = 1;
				DEVELOPMENT_TEAM = 2EZ5QWFYX2;
				GENERATE_INFOPLIST_FILE = YES;
				MARKETING_VERSION = 1.0;
				PRODUCT_BUNDLE_IDENTIFIER = com.JDman.FriendWithSameHobbyUITests;
				PRODUCT_NAME = "$(TARGET_NAME)";
				SWIFT_EMIT_LOC_STRINGS = NO;
				SWIFT_VERSION = 5.0;
				TARGETED_DEVICE_FAMILY = "1,2";
				TEST_TARGET_NAME = FriendWithSameHobby;
			};
			name = Debug;
		};
		890CCA1C2796959D00D6185E /* Release */ = {
			isa = XCBuildConfiguration;
			buildSettings = {
				ALWAYS_EMBED_SWIFT_STANDARD_LIBRARIES = YES;
				CODE_SIGN_STYLE = Automatic;
				CURRENT_PROJECT_VERSION = 1;
				DEVELOPMENT_TEAM = 2EZ5QWFYX2;
				GENERATE_INFOPLIST_FILE = YES;
				MARKETING_VERSION = 1.0;
				PRODUCT_BUNDLE_IDENTIFIER = com.JDman.FriendWithSameHobbyUITests;
				PRODUCT_NAME = "$(TARGET_NAME)";
				SWIFT_EMIT_LOC_STRINGS = NO;
				SWIFT_VERSION = 5.0;
				TARGETED_DEVICE_FAMILY = "1,2";
				TEST_TARGET_NAME = FriendWithSameHobby;
			};
			name = Release;
		};
/* End XCBuildConfiguration section */

/* Begin XCConfigurationList section */
		890CC9E52796959C00D6185E /* Build configuration list for PBXProject "FriendWithSameHobby" */ = {
			isa = XCConfigurationList;
			buildConfigurations = (
				890CCA122796959D00D6185E /* Debug */,
				890CCA132796959D00D6185E /* Release */,
			);
			defaultConfigurationIsVisible = 0;
			defaultConfigurationName = Release;
		};
		890CCA142796959D00D6185E /* Build configuration list for PBXNativeTarget "FriendWithSameHobby" */ = {
			isa = XCConfigurationList;
			buildConfigurations = (
				890CCA152796959D00D6185E /* Debug */,
				890CCA162796959D00D6185E /* Release */,
			);
			defaultConfigurationIsVisible = 0;
			defaultConfigurationName = Release;
		};
		890CCA172796959D00D6185E /* Build configuration list for PBXNativeTarget "FriendWithSameHobbyTests" */ = {
			isa = XCConfigurationList;
			buildConfigurations = (
				890CCA182796959D00D6185E /* Debug */,
				890CCA192796959D00D6185E /* Release */,
			);
			defaultConfigurationIsVisible = 0;
			defaultConfigurationName = Release;
		};
		890CCA1A2796959D00D6185E /* Build configuration list for PBXNativeTarget "FriendWithSameHobbyUITests" */ = {
			isa = XCConfigurationList;
			buildConfigurations = (
				890CCA1B2796959D00D6185E /* Debug */,
				890CCA1C2796959D00D6185E /* Release */,
			);
			defaultConfigurationIsVisible = 0;
			defaultConfigurationName = Release;
		};
/* End XCConfigurationList section */

/* Begin XCRemoteSwiftPackageReference section */
		890CCA53279712DA00D6185E /* XCRemoteSwiftPackageReference "Alamofire" */ = {
			isa = XCRemoteSwiftPackageReference;
			repositoryURL = "https://github.com/Alamofire/Alamofire.git";
			requirement = {
				branch = master;
				kind = branch;
			};
		};
		890CCA56279712E800D6185E /* XCRemoteSwiftPackageReference "SnapKit" */ = {
			isa = XCRemoteSwiftPackageReference;
			repositoryURL = "https://github.com/SnapKit/SnapKit";
			requirement = {
				kind = upToNextMajorVersion;
				minimumVersion = 5.0.0;
			};
		};
		890CCA59279712FC00D6185E /* XCRemoteSwiftPackageReference "RxSwift" */ = {
			isa = XCRemoteSwiftPackageReference;
			repositoryURL = "https://github.com/ReactiveX/RxSwift";
			requirement = {
				kind = upToNextMajorVersion;
				minimumVersion = 6.0.0;
			};
		};
		890CCA602797134F00D6185E /* XCRemoteSwiftPackageReference "RxKeyboard" */ = {
			isa = XCRemoteSwiftPackageReference;
			repositoryURL = "https://github.com/RxSwiftCommunity/RxKeyboard";
			requirement = {
				kind = upToNextMajorVersion;
				minimumVersion = 2.0.0;
			};
		};
		890CCA632797136000D6185E /* XCRemoteSwiftPackageReference "RxGesture" */ = {
			isa = XCRemoteSwiftPackageReference;
			repositoryURL = "https://github.com/RxSwiftCommunity/RxGesture";
			requirement = {
				kind = upToNextMajorVersion;
				minimumVersion = 4.0.0;
			};
		};
		890CCA662797179B00D6185E /* XCRemoteSwiftPackageReference "firebase-ios-sdk" */ = {
			isa = XCRemoteSwiftPackageReference;
			repositoryURL = "https://github.com/firebase/firebase-ios-sdk";
			requirement = {
				kind = upToNextMajorVersion;
				minimumVersion = 8.0.0;
			};
		};
/* End XCRemoteSwiftPackageReference section */

/* Begin XCSwiftPackageProductDependency section */
		890CCA54279712DA00D6185E /* Alamofire */ = {
			isa = XCSwiftPackageProductDependency;
			package = 890CCA53279712DA00D6185E /* XCRemoteSwiftPackageReference "Alamofire" */;
			productName = Alamofire;
		};
		890CCA57279712E800D6185E /* SnapKit */ = {
			isa = XCSwiftPackageProductDependency;
			package = 890CCA56279712E800D6185E /* XCRemoteSwiftPackageReference "SnapKit" */;
			productName = SnapKit;
		};
		890CCA5A279712FC00D6185E /* RxCocoa */ = {
			isa = XCSwiftPackageProductDependency;
			package = 890CCA59279712FC00D6185E /* XCRemoteSwiftPackageReference "RxSwift" */;
			productName = RxCocoa;
		};
		890CCA5C279712FC00D6185E /* RxRelay */ = {
			isa = XCSwiftPackageProductDependency;
			package = 890CCA59279712FC00D6185E /* XCRemoteSwiftPackageReference "RxSwift" */;
			productName = RxRelay;
		};
		890CCA5E279712FC00D6185E /* RxSwift */ = {
			isa = XCSwiftPackageProductDependency;
			package = 890CCA59279712FC00D6185E /* XCRemoteSwiftPackageReference "RxSwift" */;
			productName = RxSwift;
		};
		890CCA612797134F00D6185E /* RxKeyboard */ = {
			isa = XCSwiftPackageProductDependency;
			package = 890CCA602797134F00D6185E /* XCRemoteSwiftPackageReference "RxKeyboard" */;
			productName = RxKeyboard;
		};
		890CCA642797136000D6185E /* RxGesture */ = {
			isa = XCSwiftPackageProductDependency;
			package = 890CCA632797136000D6185E /* XCRemoteSwiftPackageReference "RxGesture" */;
			productName = RxGesture;
		};
		890CCA672797179B00D6185E /* FirebaseAuth */ = {
			isa = XCSwiftPackageProductDependency;
			package = 890CCA662797179B00D6185E /* XCRemoteSwiftPackageReference "firebase-ios-sdk" */;
			productName = FirebaseAuth;
		};
/* End XCSwiftPackageProductDependency section */
	};
	rootObject = 890CC9E22796959C00D6185E /* Project object */;
}
